// !$*UTF8*$!
{
	archiveVersion = 1;
	classes = {
	};
	objectVersion = 46;
	objects = {

/* Begin PBXBuildFile section */
		8A93EF5E1E88FF88004259BA /* ViewController.m in Sources */ = {isa = PBXBuildFile; fileRef = 8A93EF5D1E88FF88004259BA /* ViewController.m */; };
		8AF673061E81162000831FD0 /* main.m in Sources */ = {isa = PBXBuildFile; fileRef = 8AF673051E81162000831FD0 /* main.m */; };
		8AF673091E81162000831FD0 /* AppDelegate.m in Sources */ = {isa = PBXBuildFile; fileRef = 8AF673081E81162000831FD0 /* AppDelegate.m */; };
		8AF6730F1E81162000831FD0 /* Main.storyboard in Resources */ = {isa = PBXBuildFile; fileRef = 8AF6730D1E81162000831FD0 /* Main.storyboard */; };
		8AF673111E81162000831FD0 /* Assets.xcassets in Resources */ = {isa = PBXBuildFile; fileRef = 8AF673101E81162000831FD0 /* Assets.xcassets */; };
		8AF673141E81162000831FD0 /* LaunchScreen.storyboard in Resources */ = {isa = PBXBuildFile; fileRef = 8AF673121E81162000831FD0 /* LaunchScreen.storyboard */; };
		8AF6731F1E81162000831FD0 /* AudioQueueRecorderDemoTests.m in Sources */ = {isa = PBXBuildFile; fileRef = 8AF6731E1E81162000831FD0 /* AudioQueueRecorderDemoTests.m */; };
		8AF6732A1E81162000831FD0 /* AudioQueueRecorderDemoUITests.m in Sources */ = {isa = PBXBuildFile; fileRef = 8AF673291E81162000831FD0 /* AudioQueueRecorderDemoUITests.m */; };
/* End PBXBuildFile section */

/* Begin PBXContainerItemProxy section */
		8AF6731B1E81162000831FD0 /* PBXContainerItemProxy */ = {
			isa = PBXContainerItemProxy;
			containerPortal = 8AF672F91E81162000831FD0 /* Project object */;
			proxyType = 1;
			remoteGlobalIDString = 8AF673001E81162000831FD0;
			remoteInfo = AudioQueueRecorderDemo;
		};
		8AF673261E81162000831FD0 /* PBXContainerItemProxy */ = {
			isa = PBXContainerItemProxy;
			containerPortal = 8AF672F91E81162000831FD0 /* Project object */;
			proxyType = 1;
			remoteGlobalIDString = 8AF673001E81162000831FD0;
			remoteInfo = AudioQueueRecorderDemo;
		};
/* End PBXContainerItemProxy section */

/* Begin PBXFileReference section */
		8A93EF5D1E88FF88004259BA /* ViewController.m */ = {isa = PBXFileReference; fileEncoding = 4; lastKnownFileType = sourcecode.c.objc; path = ViewController.m; sourceTree = "<group>"; };
		8AF673011E81162000831FD0 /* AudioQueueRecorderDemo.app */ = {isa = PBXFileReference; explicitFileType = wrapper.application; includeInIndex = 0; path = AudioQueueRecorderDemo.app; sourceTree = BUILT_PRODUCTS_DIR; };
		8AF673051E81162000831FD0 /* main.m */ = {isa = PBXFileReference; lastKnownFileType = sourcecode.c.objc; path = main.m; sourceTree = "<group>"; };
		8AF673071E81162000831FD0 /* AppDelegate.h */ = {isa = PBXFileReference; lastKnownFileType = sourcecode.c.h; path = AppDelegate.h; sourceTree = "<group>"; };
		8AF673081E81162000831FD0 /* AppDelegate.m */ = {isa = PBXFileReference; lastKnownFileType = sourcecode.c.objc; path = AppDelegate.m; sourceTree = "<group>"; };
		8AF6730A1E81162000831FD0 /* ViewController.h */ = {isa = PBXFileReference; lastKnownFileType = sourcecode.c.h; path = ViewController.h; sourceTree = "<group>"; };
		8AF6730E1E81162000831FD0 /* Base */ = {isa = PBXFileReference; lastKnownFileType = file.storyboard; name = Base; path = Base.lproj/Main.storyboard; sourceTree = "<group>"; };
		8AF673101E81162000831FD0 /* Assets.xcassets */ = {isa = PBXFileReference; lastKnownFileType = folder.assetcatalog; path = Assets.xcassets; sourceTree = "<group>"; };
		8AF673131E81162000831FD0 /* Base */ = {isa = PBXFileReference; lastKnownFileType = file.storyboard; name = Base; path = Base.lproj/LaunchScreen.storyboard; sourceTree = "<group>"; };
		8AF673151E81162000831FD0 /* Info.plist */ = {isa = PBXFileReference; lastKnownFileType = text.plist.xml; path = Info.plist; sourceTree = "<group>"; };
		8AF6731A1E81162000831FD0 /* AudioQueueRecorderDemoTests.xctest */ = {isa = PBXFileReference; explicitFileType = wrapper.cfbundle; includeInIndex = 0; path = AudioQueueRecorderDemoTests.xctest; sourceTree = BUILT_PRODUCTS_DIR; };
		8AF6731E1E81162000831FD0 /* AudioQueueRecorderDemoTests.m */ = {isa = PBXFileReference; lastKnownFileType = sourcecode.c.objc; path = AudioQueueRecorderDemoTests.m; sourceTree = "<group>"; };
		8AF673201E81162000831FD0 /* Info.plist */ = {isa = PBXFileReference; lastKnownFileType = text.plist.xml; path = Info.plist; sourceTree = "<group>"; };
		8AF673251E81162000831FD0 /* AudioQueueRecorderDemoUITests.xctest */ = {isa = PBXFileReference; explicitFileType = wrapper.cfbundle; includeInIndex = 0; path = AudioQueueRecorderDemoUITests.xctest; sourceTree = BUILT_PRODUCTS_DIR; };
		8AF673291E81162000831FD0 /* AudioQueueRecorderDemoUITests.m */ = {isa = PBXFileReference; lastKnownFileType = sourcecode.c.objc; path = AudioQueueRecorderDemoUITests.m; sourceTree = "<group>"; };
		8AF6732B1E81162000831FD0 /* Info.plist */ = {isa = PBXFileReference; lastKnownFileType = text.plist.xml; path = Info.plist; sourceTree = "<group>"; };
/* End PBXFileReference section */

/* Begin PBXFrameworksBuildPhase section */
		8AF672FE1E81162000831FD0 /* Frameworks */ = {
			isa = PBXFrameworksBuildPhase;
			buildActionMask = 2147483647;
			files = (
			);
			runOnlyForDeploymentPostprocessing = 0;
		};
		8AF673171E81162000831FD0 /* Frameworks */ = {
			isa = PBXFrameworksBuildPhase;
			buildActionMask = 2147483647;
			files = (
			);
			runOnlyForDeploymentPostprocessing = 0;
		};
		8AF673221E81162000831FD0 /* Frameworks */ = {
			isa = PBXFrameworksBuildPhase;
			buildActionMask = 2147483647;
			files = (
			);
			runOnlyForDeploymentPostprocessing = 0;
		};
/* End PBXFrameworksBuildPhase section */

/* Begin PBXGroup section */
		8AF672F81E81162000831FD0 = {
			isa = PBXGroup;
			children = (
				8AF673031E81162000831FD0 /* AudioQueueRecorderDemo */,
				8AF6731D1E81162000831FD0 /* AudioQueueRecorderDemoTests */,
				8AF673281E81162000831FD0 /* AudioQueueRecorderDemoUITests */,
				8AF673021E81162000831FD0 /* Products */,
			);
			sourceTree = "<group>";
		};
		8AF673021E81162000831FD0 /* Products */ = {
			isa = PBXGroup;
			children = (
				8AF673011E81162000831FD0 /* AudioQueueRecorderDemo.app */,
				8AF6731A1E81162000831FD0 /* AudioQueueRecorderDemoTests.xctest */,
				8AF673251E81162000831FD0 /* AudioQueueRecorderDemoUITests.xctest */,
			);
			name = Products;
			sourceTree = "<group>";
		};
		8AF673031E81162000831FD0 /* AudioQueueRecorderDemo */ = {
			isa = PBXGroup;
			children = (
				8AF673071E81162000831FD0 /* AppDelegate.h */,
				8AF673081E81162000831FD0 /* AppDelegate.m */,
				8AF6730A1E81162000831FD0 /* ViewController.h */,
				8A93EF5D1E88FF88004259BA /* ViewController.m */,
				8AF6730D1E81162000831FD0 /* Main.storyboard */,
				8AF673101E81162000831FD0 /* Assets.xcassets */,
				8AF673121E81162000831FD0 /* LaunchScreen.storyboard */,
				8AF673151E81162000831FD0 /* Info.plist */,
				8AF673041E81162000831FD0 /* Supporting Files */,
			);
			path = AudioQueueRecorderDemo;
			sourceTree = "<group>";
		};
		8AF673041E81162000831FD0 /* Supporting Files */ = {
			isa = PBXGroup;
			children = (
				8AF673051E81162000831FD0 /* main.m */,
			);
			name = "Supporting Files";
			sourceTree = "<group>";
		};
		8AF6731D1E81162000831FD0 /* AudioQueueRecorderDemoTests */ = {
			isa = PBXGroup;
			children = (
				8AF6731E1E81162000831FD0 /* AudioQueueRecorderDemoTests.m */,
				8AF673201E81162000831FD0 /* Info.plist */,
			);
			path = AudioQueueRecorderDemoTests;
			sourceTree = "<group>";
		};
		8AF673281E81162000831FD0 /* AudioQueueRecorderDemoUITests */ = {
			isa = PBXGroup;
			children = (
				8AF673291E81162000831FD0 /* AudioQueueRecorderDemoUITests.m */,
				8AF6732B1E81162000831FD0 /* Info.plist */,
			);
			path = AudioQueueRecorderDemoUITests;
			sourceTree = "<group>";
		};
/* End PBXGroup section */

/* Begin PBXNativeTarget section */
		8AF673001E81162000831FD0 /* AudioQueueRecorderDemo */ = {
			isa = PBXNativeTarget;
			buildConfigurationList = 8AF6732E1E81162000831FD0 /* Build configuration list for PBXNativeTarget "AudioQueueRecorderDemo" */;
			buildPhases = (
				8AF672FD1E81162000831FD0 /* Sources */,
				8AF672FE1E81162000831FD0 /* Frameworks */,
				8AF672FF1E81162000831FD0 /* Resources */,
			);
			buildRules = (
			);
			dependencies = (
			);
			name = AudioQueueRecorderDemo;
			productName = AudioQueueRecorderDemo;
			productReference = 8AF673011E81162000831FD0 /* AudioQueueRecorderDemo.app */;
			productType = "com.apple.product-type.application";
		};
		8AF673191E81162000831FD0 /* AudioQueueRecorderDemoTests */ = {
			isa = PBXNativeTarget;
			buildConfigurationList = 8AF673311E81162000831FD0 /* Build configuration list for PBXNativeTarget "AudioQueueRecorderDemoTests" */;
			buildPhases = (
				8AF673161E81162000831FD0 /* Sources */,
				8AF673171E81162000831FD0 /* Frameworks */,
				8AF673181E81162000831FD0 /* Resources */,
			);
			buildRules = (
			);
			dependencies = (
				8AF6731C1E81162000831FD0 /* PBXTargetDependency */,
			);
			name = AudioQueueRecorderDemoTests;
			productName = AudioQueueRecorderDemoTests;
			productReference = 8AF6731A1E81162000831FD0 /* AudioQueueRecorderDemoTests.xctest */;
			productType = "com.apple.product-type.bundle.unit-test";
		};
		8AF673241E81162000831FD0 /* AudioQueueRecorderDemoUITests */ = {
			isa = PBXNativeTarget;
			buildConfigurationList = 8AF673341E81162000831FD0 /* Build configuration list for PBXNativeTarget "AudioQueueRecorderDemoUITests" */;
			buildPhases = (
				8AF673211E81162000831FD0 /* Sources */,
				8AF673221E81162000831FD0 /* Frameworks */,
				8AF673231E81162000831FD0 /* Resources */,
			);
			buildRules = (
			);
			dependencies = (
				8AF673271E81162000831FD0 /* PBXTargetDependency */,
			);
			name = AudioQueueRecorderDemoUITests;
			productName = AudioQueueRecorderDemoUITests;
			productReference = 8AF673251E81162000831FD0 /* AudioQueueRecorderDemoUITests.xctest */;
			productType = "com.apple.product-type.bundle.ui-testing";
		};
/* End PBXNativeTarget section */

/* Begin PBXProject section */
		8AF672F91E81162000831FD0 /* Project object */ = {
			isa = PBXProject;
			attributes = {
				LastUpgradeCheck = 0820;
				ORGANIZATIONNAME = ingenic;
				TargetAttributes = {
					8AF673001E81162000831FD0 = {
						CreatedOnToolsVersion = 8.2.1;
						DevelopmentTeam = WS7Q6CWX7Q;
						ProvisioningStyle = Automatic;
					};
					8AF673191E81162000831FD0 = {
						CreatedOnToolsVersion = 8.2.1;
						DevelopmentTeam = WS7Q6CWX7Q;
						ProvisioningStyle = Automatic;
						TestTargetID = 8AF673001E81162000831FD0;
					};
					8AF673241E81162000831FD0 = {
						CreatedOnToolsVersion = 8.2.1;
						DevelopmentTeam = WS7Q6CWX7Q;
						ProvisioningStyle = Automatic;
						TestTargetID = 8AF673001E81162000831FD0;
					};
				};
			};
			buildConfigurationList = 8AF672FC1E81162000831FD0 /* Build configuration list for PBXProject "AudioQueueRecorderDemo" */;
			compatibilityVersion = "Xcode 3.2";
			developmentRegion = English;
			hasScannedForEncodings = 0;
			knownRegions = (
				en,
				Base,
			);
			mainGroup = 8AF672F81E81162000831FD0;
			productRefGroup = 8AF673021E81162000831FD0 /* Products */;
			projectDirPath = "";
			projectRoot = "";
			targets = (
				8AF673001E81162000831FD0 /* AudioQueueRecorderDemo */,
				8AF673191E81162000831FD0 /* AudioQueueRecorderDemoTests */,
				8AF673241E81162000831FD0 /* AudioQueueRecorderDemoUITests */,
			);
		};
/* End PBXProject section */

/* Begin PBXResourcesBuildPhase section */
		8AF672FF1E81162000831FD0 /* Resources */ = {
			isa = PBXResourcesBuildPhase;
			buildActionMask = 2147483647;
			files = (
				8AF673141E81162000831FD0 /* LaunchScreen.storyboard in Resources */,
				8AF673111E81162000831FD0 /* Assets.xcassets in Resources */,
				8AF6730F1E81162000831FD0 /* Main.storyboard in Resources */,
			);
			runOnlyForDeploymentPostprocessing = 0;
		};
		8AF673181E81162000831FD0 /* Resources */ = {
			isa = PBXResourcesBuildPhase;
			buildActionMask = 2147483647;
			files = (
			);
			runOnlyForDeploymentPostprocessing = 0;
		};
		8AF673231E81162000831FD0 /* Resources */ = {
			isa = PBXResourcesBuildPhase;
			buildActionMask = 2147483647;
			files = (
			);
			runOnlyForDeploymentPostprocessing = 0;
		};
/* End PBXResourcesBuildPhase section */

/* Begin PBXSourcesBuildPhase section */
		8AF672FD1E81162000831FD0 /* Sources */ = {
			isa = PBXSourcesBuildPhase;
			buildActionMask = 2147483647;
			files = (
				8A93EF5E1E88FF88004259BA /* ViewController.m in Sources */,
				8AF673091E81162000831FD0 /* AppDelegate.m in Sources */,
				8AF673061E81162000831FD0 /* main.m in Sources */,
			);
			runOnlyForDeploymentPostprocessing = 0;
		};
		8AF673161E81162000831FD0 /* Sources */ = {
			isa = PBXSourcesBuildPhase;
			buildActionMask = 2147483647;
			files = (
				8AF6731F1E81162000831FD0 /* AudioQueueRecorderDemoTests.m in Sources */,
			);
			runOnlyForDeploymentPostprocessing = 0;
		};
		8AF673211E81162000831FD0 /* Sources */ = {
			isa = PBXSourcesBuildPhase;
			buildActionMask = 2147483647;
			files = (
				8AF6732A1E81162000831FD0 /* AudioQueueRecorderDemoUITests.m in Sources */,
			);
			runOnlyForDeploymentPostprocessing = 0;
		};
/* End PBXSourcesBuildPhase section */

/* Begin PBXTargetDependency section */
		8AF6731C1E81162000831FD0 /* PBXTargetDependency */ = {
			isa = PBXTargetDependency;
			target = 8AF673001E81162000831FD0 /* AudioQueueRecorderDemo */;
			targetProxy = 8AF6731B1E81162000831FD0 /* PBXContainerItemProxy */;
		};
		8AF673271E81162000831FD0 /* PBXTargetDependency */ = {
			isa = PBXTargetDependency;
			target = 8AF673001E81162000831FD0 /* AudioQueueRecorderDemo */;
			targetProxy = 8AF673261E81162000831FD0 /* PBXContainerItemProxy */;
		};
/* End PBXTargetDependency section */

/* Begin PBXVariantGroup section */
		8AF6730D1E81162000831FD0 /* Main.storyboard */ = {
			isa = PBXVariantGroup;
			children = (
				8AF6730E1E81162000831FD0 /* Base */,
			);
			name = Main.storyboard;
			sourceTree = "<group>";
		};
		8AF673121E81162000831FD0 /* LaunchScreen.storyboard */ = {
			isa = PBXVariantGroup;
			children = (
				8AF673131E81162000831FD0 /* Base */,
			);
			name = LaunchScreen.storyboard;
			sourceTree = "<group>";
		};
/* End PBXVariantGroup section */

/* Begin XCBuildConfiguration section */
		8AF6732C1E81162000831FD0 /* Debug */ = {
			isa = XCBuildConfiguration;
			buildSettings = {
				ALWAYS_SEARCH_USER_PATHS = NO;
				CLANG_ANALYZER_NONNULL = YES;
				CLANG_CXX_LANGUAGE_STANDARD = "gnu++0x";
				CLANG_CXX_LIBRARY = "libc++";
				CLANG_ENABLE_MODULES = YES;
				CLANG_ENABLE_OBJC_ARC = YES;
				CLANG_WARN_BOOL_CONVERSION = YES;
				CLANG_WARN_CONSTANT_CONVERSION = YES;
				CLANG_WARN_DIRECT_OBJC_ISA_USAGE = YES_ERROR;
				CLANG_WARN_DOCUMENTATION_COMMENTS = YES;
				CLANG_WARN_EMPTY_BODY = YES;
				CLANG_WARN_ENUM_CONVERSION = YES;
				CLANG_WARN_INFINITE_RECURSION = YES;
				CLANG_WARN_INT_CONVERSION = YES;
				CLANG_WARN_OBJC_ROOT_CLASS = YES_ERROR;
				CLANG_WARN_SUSPICIOUS_MOVE = YES;
				CLANG_WARN_UNREACHABLE_CODE = YES;
				CLANG_WARN__DUPLICATE_METHOD_MATCH = YES;
				"CODE_SIGN_IDENTITY[sdk=iphoneos*]" = "iPhone Developer";
				COPY_PHASE_STRIP = NO;
				DEBUG_INFORMATION_FORMAT = dwarf;
				ENABLE_STRICT_OBJC_MSGSEND = YES;
				ENABLE_TESTABILITY = YES;
				GCC_C_LANGUAGE_STANDARD = gnu99;
				GCC_DYNAMIC_NO_PIC = NO;
				GCC_NO_COMMON_BLOCKS = YES;
				GCC_OPTIMIZATION_LEVEL = 0;
				GCC_PREPROCESSOR_DEFINITIONS = (
					"DEBUG=1",
					"$(inherited)",
				);
				GCC_WARN_64_TO_32_BIT_CONVERSION = YES;
				GCC_WARN_ABOUT_RETURN_TYPE = YES_ERROR;
				GCC_WARN_UNDECLARED_SELECTOR = YES;
				GCC_WARN_UNINITIALIZED_AUTOS = YES_AGGRESSIVE;
				GCC_WARN_UNUSED_FUNCTION = YES;
				GCC_WARN_UNUSED_VARIABLE = YES;
				IPHONEOS_DEPLOYMENT_TARGET = 10.2;
				MTL_ENABLE_DEBUG_INFO = YES;
				ONLY_ACTIVE_ARCH = YES;
				SDKROOT = iphoneos;
			};
			name = Debug;
		};
		8AF6732D1E81162000831FD0 /* Release */ = {
			isa = XCBuildConfiguration;
			buildSettings = {
				ALWAYS_SEARCH_USER_PATHS = NO;
				CLANG_ANALYZER_NONNULL = YES;
				CLANG_CXX_LANGUAGE_STANDARD = "gnu++0x";
				CLANG_CXX_LIBRARY = "libc++";
				CLANG_ENABLE_MODULES = YES;
				CLANG_ENABLE_OBJC_ARC = YES;
				CLANG_WARN_BOOL_CONVERSION = YES;
				CLANG_WARN_CONSTANT_CONVERSION = YES;
				CLANG_WARN_DIRECT_OBJC_ISA_USAGE = YES_ERROR;
				CLANG_WARN_DOCUMENTATION_COMMENTS = YES;
				CLANG_WARN_EMPTY_BODY = YES;
				CLANG_WARN_ENUM_CONVERSION = YES;
				CLANG_WARN_INFINITE_RECURSION = YES;
				CLANG_WARN_INT_CONVERSION = YES;
				CLANG_WARN_OBJC_ROOT_CLASS = YES_ERROR;
				CLANG_WARN_SUSPICIOUS_MOVE = YES;
				CLANG_WARN_UNREACHABLE_CODE = YES;
				CLANG_WARN__DUPLICATE_METHOD_MATCH = YES;
				"CODE_SIGN_IDENTITY[sdk=iphoneos*]" = "iPhone Developer";
				COPY_PHASE_STRIP = NO;
				DEBUG_INFORMATION_FORMAT = "dwarf-with-dsym";
				ENABLE_NS_ASSERTIONS = NO;
				ENABLE_STRICT_OBJC_MSGSEND = YES;
				GCC_C_LANGUAGE_STANDARD = gnu99;
				GCC_NO_COMMON_BLOCKS = YES;
				GCC_WARN_64_TO_32_BIT_CONVERSION = YES;
				GCC_WARN_ABOUT_RETURN_TYPE = YES_ERROR;
				GCC_WARN_UNDECLARED_SELECTOR = YES;
				GCC_WARN_UNINITIALIZED_AUTOS = YES_AGGRESSIVE;
				GCC_WARN_UNUSED_FUNCTION = YES;
				GCC_WARN_UNUSED_VARIABLE = YES;
				IPHONEOS_DEPLOYMENT_TARGET = 10.2;
				MTL_ENABLE_DEBUG_INFO = NO;
				SDKROOT = iphoneos;
				VALIDATE_PRODUCT = YES;
			};
			name = Release;
		};
		8AF6732F1E81162000831FD0 /* Debug */ = {
			isa = XCBuildConfiguration;
			buildSettings = {
				ASSETCATALOG_COMPILER_APPICON_NAME = AppIcon;
				DEVELOPMENT_TEAM = WS7Q6CWX7Q;
				INFOPLIST_FILE = AudioQueueRecorderDemo/Info.plist;
				LD_RUNPATH_SEARCH_PATHS = "$(inherited) @executable_path/Frameworks";
				PRODUCT_BUNDLE_IDENTIFIER = com.ingenic.AudioQueueRecorderDemo;
				PRODUCT_NAME = "$(TARGET_NAME)";
			};
			name = Debug;
		};
		8AF673301E81162000831FD0 /* Release */ = {
			isa = XCBuildConfiguration;
			buildSettings = {
				ASSETCATALOG_COMPILER_APPICON_NAME = AppIcon;
				DEVELOPMENT_TEAM = WS7Q6CWX7Q;
				INFOPLIST_FILE = AudioQueueRecorderDemo/Info.plist;
				LD_RUNPATH_SEARCH_PATHS = "$(inherited) @executable_path/Frameworks";
				PRODUCT_BUNDLE_IDENTIFIER = com.ingenic.AudioQueueRecorderDemo;
				PRODUCT_NAME = "$(TARGET_NAME)";
			};
			name = Release;
		};
		8AF673321E81162000831FD0 /* Debug */ = {
			isa = XCBuildConfiguration;
			buildSettings = {
				BUNDLE_LOADER = "$(TEST_HOST)";
				DEVELOPMENT_TEAM = WS7Q6CWX7Q;
				INFOPLIST_FILE = AudioQueueRecorderDemoTests/Info.plist;
				LD_RUNPATH_SEARCH_PATHS = "$(inherited) @executable_path/Frameworks @loader_path/Frameworks";
				PRODUCT_BUNDLE_IDENTIFIER = com.ingenic.AudioQueueRecorderDemoTests;
				PRODUCT_NAME = "$(TARGET_NAME)";
				TEST_HOST = "$(BUILT_PRODUCTS_DIR)/AudioQueueRecorderDemo.app/AudioQueueRecorderDemo";
			};
			name = Debug;
		};
		8AF673331E81162000831FD0 /* Release */ = {
			isa = XCBuildConfiguration;
			buildSettings = {
				BUNDLE_LOADER = "$(TEST_HOST)";
				DEVELOPMENT_TEAM = WS7Q6CWX7Q;
				INFOPLIST_FILE = AudioQueueRecorderDemoTests/Info.plist;
				LD_RUNPATH_SEARCH_PATHS = "$(inherited) @executable_path/Frameworks @loader_path/Frameworks";
				PRODUCT_BUNDLE_IDENTIFIER = com.ingenic.AudioQueueRecorderDemoTests;
				PRODUCT_NAME = "$(TARGET_NAME)";
				TEST_HOST = "$(BUILT_PRODUCTS_DIR)/AudioQueueRecorderDemo.app/AudioQueueRecorderDemo";
			};
			name = Release;
		};
		8AF673351E81162000831FD0 /* Debug */ = {
			isa = XCBuildConfiguration;
			buildSettings = {
				DEVELOPMENT_TEAM = WS7Q6CWX7Q;
				INFOPLIST_FILE = AudioQueueRecorderDemoUITests/Info.plist;
				LD_RUNPATH_SEARCH_PATHS = "$(inherited) @executable_path/Frameworks @loader_path/Frameworks";
				PRODUCT_BUNDLE_IDENTIFIER = com.ingenic.AudioQueueRecorderDemoUITests;
				PRODUCT_NAME = "$(TARGET_NAME)";
				TEST_TARGET_NAME = AudioQueueRecorderDemo;
			};
			name = Debug;
		};
		8AF673361E81162000831FD0 /* Release */ = {
			isa = XCBuildConfiguration;
			buildSettings = {
				DEVELOPMENT_TEAM = WS7Q6CWX7Q;
				INFOPLIST_FILE = AudioQueueRecorderDemoUITests/Info.plist;
				LD_RUNPATH_SEARCH_PATHS = "$(inherited) @executable_path/Frameworks @loader_path/Frameworks";
				PRODUCT_BUNDLE_IDENTIFIER = com.ingenic.AudioQueueRecorderDemoUITests;
				PRODUCT_NAME = "$(TARGET_NAME)";
				TEST_TARGET_NAME = AudioQueueRecorderDemo;
			};
			name = Release;
		};
/* End XCBuildConfiguration section */

/* Begin XCConfigurationList section */
		8AF672FC1E81162000831FD0 /* Build configuration list for PBXProject "AudioQueueRecorderDemo" */ = {
			isa = XCConfigurationList;
			buildConfigurations = (
				8AF6732C1E81162000831FD0 /* Debug */,
				8AF6732D1E81162000831FD0 /* Release */,
			);
			defaultConfigurationIsVisible = 0;
			defaultConfigurationName = Release;
		};
		8AF6732E1E81162000831FD0 /* Build configuration list for PBXNativeTarget "AudioQueueRecorderDemo" */ = {
			isa = XCConfigurationList;
			buildConfigurations = (
				8AF6732F1E81162000831FD0 /* Debug */,
				8AF673301E81162000831FD0 /* Release */,
			);
			defaultConfigurationIsVisible = 0;
			defaultConfigurationName = Release;
		};
		8AF673311E81162000831FD0 /* Build configuration list for PBXNativeTarget "AudioQueueRecorderDemoTests" */ = {
			isa = XCConfigurationList;
			buildConfigurations = (
				8AF673321E81162000831FD0 /* Debug */,
				8AF673331E81162000831FD0 /* Release */,
			);
			defaultConfigurationIsVisible = 0;
			defaultConfigurationName = Release;
		};
		8AF673341E81162000831FD0 /* Build configuration list for PBXNativeTarget "AudioQueueRecorderDemoUITests" */ = {
			isa = XCConfigurationList;
			buildConfigurations = (
				8AF673351E81162000831FD0 /* Debug */,
				8AF673361E81162000831FD0 /* Release */,
			);
			defaultConfigurationIsVisible = 0;
			defaultConfigurationName = Release;
		};
/* End XCConfigurationList section */
	};
	rootObject = 8AF672F91E81162000831FD0 /* Project object */;
}
