// !$*UTF8*$!
{
	archiveVersion = 1;
	classes = {
	};
	objectVersion = 46;
	objects = {

/* Begin PBXBuildFile section */
		6653EF9C1E952E530022CAB9 /* main.m in Sources */ = {isa = PBXBuildFile; fileRef = 6653EF9B1E952E530022CAB9 /* main.m */; };
		6653EF9F1E952E530022CAB9 /* AppDelegate.m in Sources */ = {isa = PBXBuildFile; fileRef = 6653EF9E1E952E530022CAB9 /* AppDelegate.m */; };
		6653EFA21E952E530022CAB9 /* ViewController.m in Sources */ = {isa = PBXBuildFile; fileRef = 6653EFA11E952E530022CAB9 /* ViewController.m */; };
		6653EFA51E952E530022CAB9 /* Main.storyboard in Resources */ = {isa = PBXBuildFile; fileRef = 6653EFA31E952E530022CAB9 /* Main.storyboard */; };
		6653EFA71E952E530022CAB9 /* Assets.xcassets in Resources */ = {isa = PBXBuildFile; fileRef = 6653EFA61E952E530022CAB9 /* Assets.xcassets */; };
		6653EFAA1E952E530022CAB9 /* LaunchScreen.storyboard in Resources */ = {isa = PBXBuildFile; fileRef = 6653EFA81E952E530022CAB9 /* LaunchScreen.storyboard */; };
		6653EFC01E952FCF0022CAB9 /* JZAudioBuffer.m in Sources */ = {isa = PBXBuildFile; fileRef = 6653EFBB1E952FCF0022CAB9 /* JZAudioBuffer.m */; };
		6653EFC11E952FCF0022CAB9 /* JZAudioUnit.m in Sources */ = {isa = PBXBuildFile; fileRef = 6653EFBD1E952FCF0022CAB9 /* JZAudioUnit.m */; };
		6653EFC21E952FCF0022CAB9 /* JZAudioManage.m in Sources */ = {isa = PBXBuildFile; fileRef = 6653EFBF1E952FCF0022CAB9 /* JZAudioManage.m */; };
		6653EFCC1E9531710022CAB9 /* JZReadFile.m in Sources */ = {isa = PBXBuildFile; fileRef = 6653EFCB1E9531710022CAB9 /* JZReadFile.m */; };
		6653EFD21E95319C0022CAB9 /* JZWriteFile.m in Sources */ = {isa = PBXBuildFile; fileRef = 6653EFD11E95319C0022CAB9 /* JZWriteFile.m */; };
/* End PBXBuildFile section */

/* Begin PBXFileReference section */
		6653EF971E952E530022CAB9 /* JZEchoEliminateDemo.app */ = {isa = PBXFileReference; explicitFileType = wrapper.application; includeInIndex = 0; path = JZEchoEliminateDemo.app; sourceTree = BUILT_PRODUCTS_DIR; };
		6653EF9B1E952E530022CAB9 /* main.m */ = {isa = PBXFileReference; lastKnownFileType = sourcecode.c.objc; path = main.m; sourceTree = "<group>"; };
		6653EF9D1E952E530022CAB9 /* AppDelegate.h */ = {isa = PBXFileReference; lastKnownFileType = sourcecode.c.h; path = AppDelegate.h; sourceTree = "<group>"; };
		6653EF9E1E952E530022CAB9 /* AppDelegate.m */ = {isa = PBXFileReference; lastKnownFileType = sourcecode.c.objc; path = AppDelegate.m; sourceTree = "<group>"; };
		6653EFA01E952E530022CAB9 /* ViewController.h */ = {isa = PBXFileReference; lastKnownFileType = sourcecode.c.h; path = ViewController.h; sourceTree = "<group>"; };
		6653EFA11E952E530022CAB9 /* ViewController.m */ = {isa = PBXFileReference; lastKnownFileType = sourcecode.c.objc; path = ViewController.m; sourceTree = "<group>"; };
		6653EFA41E952E530022CAB9 /* Base */ = {isa = PBXFileReference; lastKnownFileType = file.storyboard; name = Base; path = Base.lproj/Main.storyboard; sourceTree = "<group>"; };
		6653EFA61E952E530022CAB9 /* Assets.xcassets */ = {isa = PBXFileReference; lastKnownFileType = folder.assetcatalog; path = Assets.xcassets; sourceTree = "<group>"; };
		6653EFA91E952E530022CAB9 /* Base */ = {isa = PBXFileReference; lastKnownFileType = file.storyboard; name = Base; path = Base.lproj/LaunchScreen.storyboard; sourceTree = "<group>"; };
		6653EFAB1E952E530022CAB9 /* Info.plist */ = {isa = PBXFileReference; lastKnownFileType = text.plist.xml; path = Info.plist; sourceTree = "<group>"; };
		6653EFBA1E952FCF0022CAB9 /* JZAudioBuffer.h */ = {isa = PBXFileReference; fileEncoding = 4; lastKnownFileType = sourcecode.c.h; name = JZAudioBuffer.h; path = audio/JZAudioBuffer.h; sourceTree = "<group>"; };
		6653EFBB1E952FCF0022CAB9 /* JZAudioBuffer.m */ = {isa = PBXFileReference; fileEncoding = 4; lastKnownFileType = sourcecode.c.objc; name = JZAudioBuffer.m; path = audio/JZAudioBuffer.m; sourceTree = "<group>"; };
		6653EFBC1E952FCF0022CAB9 /* JZAudioUnit.h */ = {isa = PBXFileReference; fileEncoding = 4; lastKnownFileType = sourcecode.c.h; name = JZAudioUnit.h; path = audio/JZAudioUnit.h; sourceTree = "<group>"; };
		6653EFBD1E952FCF0022CAB9 /* JZAudioUnit.m */ = {isa = PBXFileReference; fileEncoding = 4; lastKnownFileType = sourcecode.c.objc; name = JZAudioUnit.m; path = audio/JZAudioUnit.m; sourceTree = "<group>"; };
		6653EFBE1E952FCF0022CAB9 /* JZAudioManage.h */ = {isa = PBXFileReference; fileEncoding = 4; lastKnownFileType = sourcecode.c.h; name = JZAudioManage.h; path = audio/JZAudioManage.h; sourceTree = "<group>"; };
		6653EFBF1E952FCF0022CAB9 /* JZAudioManage.m */ = {isa = PBXFileReference; fileEncoding = 4; lastKnownFileType = sourcecode.c.objc; name = JZAudioManage.m; path = audio/JZAudioManage.m; sourceTree = "<group>"; };
		6653EFCA1E9531710022CAB9 /* JZReadFile.h */ = {isa = PBXFileReference; fileEncoding = 4; lastKnownFileType = sourcecode.c.h; name = JZReadFile.h; path = file/JZReadFile.h; sourceTree = "<group>"; };
		6653EFCB1E9531710022CAB9 /* JZReadFile.m */ = {isa = PBXFileReference; fileEncoding = 4; lastKnownFileType = sourcecode.c.objc; name = JZReadFile.m; path = file/JZReadFile.m; sourceTree = "<group>"; };
		6653EFD01E95319C0022CAB9 /* JZWriteFile.h */ = {isa = PBXFileReference; fileEncoding = 4; lastKnownFileType = sourcecode.c.h; name = JZWriteFile.h; path = file/JZWriteFile.h; sourceTree = "<group>"; };
		6653EFD11E95319C0022CAB9 /* JZWriteFile.m */ = {isa = PBXFileReference; fileEncoding = 4; lastKnownFileType = sourcecode.c.objc; name = JZWriteFile.m; path = file/JZWriteFile.m; sourceTree = "<group>"; };
/* End PBXFileReference section */

/* Begin PBXFrameworksBuildPhase section */
		6653EF941E952E530022CAB9 /* Frameworks */ = {
			isa = PBXFrameworksBuildPhase;
			buildActionMask = 2147483647;
			files = (
			);
			runOnlyForDeploymentPostprocessing = 0;
		};
/* End PBXFrameworksBuildPhase section */

/* Begin PBXGroup section */
		6653EF8E1E952E530022CAB9 = {
			isa = PBXGroup;
			children = (
				6653EF991E952E530022CAB9 /* JZEchoEliminateDemo */,
				6653EF981E952E530022CAB9 /* Products */,
			);
			sourceTree = "<group>";
		};
		6653EF981E952E530022CAB9 /* Products */ = {
			isa = PBXGroup;
			children = (
				6653EF971E952E530022CAB9 /* JZEchoEliminateDemo.app */,
			);
			name = Products;
			sourceTree = "<group>";
		};
		6653EF991E952E530022CAB9 /* JZEchoEliminateDemo */ = {
			isa = PBXGroup;
			children = (
				6653EFC31E9531290022CAB9 /* file */,
				6653EFB91E952FAD0022CAB9 /* audio */,
				6653EF9D1E952E530022CAB9 /* AppDelegate.h */,
				6653EF9E1E952E530022CAB9 /* AppDelegate.m */,
				6653EFA01E952E530022CAB9 /* ViewController.h */,
				6653EFA11E952E530022CAB9 /* ViewController.m */,
				6653EFA31E952E530022CAB9 /* Main.storyboard */,
				6653EFA61E952E530022CAB9 /* Assets.xcassets */,
				6653EFA81E952E530022CAB9 /* LaunchScreen.storyboard */,
				6653EFAB1E952E530022CAB9 /* Info.plist */,
				6653EF9A1E952E530022CAB9 /* Supporting Files */,
			);
			path = JZEchoEliminateDemo;
			sourceTree = "<group>";
		};
		6653EF9A1E952E530022CAB9 /* Supporting Files */ = {
			isa = PBXGroup;
			children = (
				6653EF9B1E952E530022CAB9 /* main.m */,
			);
			name = "Supporting Files";
			sourceTree = "<group>";
		};
		6653EFB91E952FAD0022CAB9 /* audio */ = {
			isa = PBXGroup;
			children = (
				6653EFBE1E952FCF0022CAB9 /* JZAudioManage.h */,
				6653EFBF1E952FCF0022CAB9 /* JZAudioManage.m */,
				6653EFBC1E952FCF0022CAB9 /* JZAudioUnit.h */,
				6653EFBD1E952FCF0022CAB9 /* JZAudioUnit.m */,
				6653EFBA1E952FCF0022CAB9 /* JZAudioBuffer.h */,
				6653EFBB1E952FCF0022CAB9 /* JZAudioBuffer.m */,
			);
			name = audio;
			sourceTree = "<group>";
		};
		6653EFC31E9531290022CAB9 /* file */ = {
			isa = PBXGroup;
			children = (
				6653EFCA1E9531710022CAB9 /* JZReadFile.h */,
				6653EFCB1E9531710022CAB9 /* JZReadFile.m */,
				6653EFD01E95319C0022CAB9 /* JZWriteFile.h */,
				6653EFD11E95319C0022CAB9 /* JZWriteFile.m */,
			);
			name = file;
			sourceTree = "<group>";
		};
/* End PBXGroup section */

/* Begin PBXNativeTarget section */
		6653EF961E952E530022CAB9 /* JZEchoEliminateDemo */ = {
			isa = PBXNativeTarget;
			buildConfigurationList = 6653EFAE1E952E530022CAB9 /* Build configuration list for PBXNativeTarget "JZEchoEliminateDemo" */;
			buildPhases = (
				6653EF931E952E530022CAB9 /* Sources */,
				6653EF941E952E530022CAB9 /* Frameworks */,
				6653EF951E952E530022CAB9 /* Resources */,
			);
			buildRules = (
			);
			dependencies = (
			);
			name = JZEchoEliminateDemo;
			productName = JZEchoEliminateDemo;
			productReference = 6653EF971E952E530022CAB9 /* JZEchoEliminateDemo.app */;
			productType = "com.apple.product-type.application";
		};
/* End PBXNativeTarget section */

/* Begin PBXProject section */
		6653EF8F1E952E530022CAB9 /* Project object */ = {
			isa = PBXProject;
			attributes = {
				LastUpgradeCheck = 0830;
				ORGANIZATIONNAME = ingenic;
				TargetAttributes = {
					6653EF961E952E530022CAB9 = {
						CreatedOnToolsVersion = 8.3;
						ProvisioningStyle = Automatic;
					};
				};
			};
			buildConfigurationList = 6653EF921E952E530022CAB9 /* Build configuration list for PBXProject "JZEchoEliminateDemo" */;
			compatibilityVersion = "Xcode 3.2";
			developmentRegion = English;
			hasScannedForEncodings = 0;
			knownRegions = (
				en,
				Base,
			);
			mainGroup = 6653EF8E1E952E530022CAB9;
			productRefGroup = 6653EF981E952E530022CAB9 /* Products */;
			projectDirPath = "";
			projectRoot = "";
			targets = (
				6653EF961E952E530022CAB9 /* JZEchoEliminateDemo */,
			);
		};
/* End PBXProject section */

/* Begin PBXResourcesBuildPhase section */
		6653EF951E952E530022CAB9 /* Resources */ = {
			isa = PBXResourcesBuildPhase;
			buildActionMask = 2147483647;
			files = (
				6653EFAA1E952E530022CAB9 /* LaunchScreen.storyboard in Resources */,
				6653EFA71E952E530022CAB9 /* Assets.xcassets in Resources */,
				6653EFA51E952E530022CAB9 /* Main.storyboard in Resources */,
			);
			runOnlyForDeploymentPostprocessing = 0;
		};
/* End PBXResourcesBuildPhase section */

/* Begin PBXSourcesBuildPhase section */
		6653EF931E952E530022CAB9 /* Sources */ = {
			isa = PBXSourcesBuildPhase;
			buildActionMask = 2147483647;
			files = (
				6653EFC01E952FCF0022CAB9 /* JZAudioBuffer.m in Sources */,
				6653EFA21E952E530022CAB9 /* ViewController.m in Sources */,
				6653EF9F1E952E530022CAB9 /* AppDelegate.m in Sources */,
				6653EFC21E952FCF0022CAB9 /* JZAudioManage.m in Sources */,
				6653EFC11E952FCF0022CAB9 /* JZAudioUnit.m in Sources */,
				6653EF9C1E952E530022CAB9 /* main.m in Sources */,
				6653EFCC1E9531710022CAB9 /* JZReadFile.m in Sources */,
				6653EFD21E95319C0022CAB9 /* JZWriteFile.m in Sources */,
			);
			runOnlyForDeploymentPostprocessing = 0;
		};
/* End PBXSourcesBuildPhase section */

/* Begin PBXVariantGroup section */
		6653EFA31E952E530022CAB9 /* Main.storyboard */ = {
			isa = PBXVariantGroup;
			children = (
				6653EFA41E952E530022CAB9 /* Base */,
			);
			name = Main.storyboard;
			sourceTree = "<group>";
		};
		6653EFA81E952E530022CAB9 /* LaunchScreen.storyboard */ = {
			isa = PBXVariantGroup;
			children = (
				6653EFA91E952E530022CAB9 /* Base */,
			);
			name = LaunchScreen.storyboard;
			sourceTree = "<group>";
		};
/* End PBXVariantGroup section */

/* Begin XCBuildConfiguration section */
		6653EFAC1E952E530022CAB9 /* Debug */ = {
			isa = XCBuildConfiguration;
			buildSettings = {
				ALWAYS_SEARCH_USER_PATHS = NO;
				CLANG_ANALYZER_NONNULL = YES;
				CLANG_ANALYZER_NUMBER_OBJECT_CONVERSION = YES_AGGRESSIVE;
				CLANG_CXX_LANGUAGE_STANDARD = "gnu++0x";
				CLANG_CXX_LIBRARY = "libc++";
				CLANG_ENABLE_MODULES = YES;
				CLANG_ENABLE_OBJC_ARC = YES;
				CLANG_WARN_BOOL_CONVERSION = YES;
				CLANG_WARN_CONSTANT_CONVERSION = YES;
				CLANG_WARN_DIRECT_OBJC_ISA_USAGE = YES_ERROR;
				CLANG_WARN_DOCUMENTATION_COMMENTS = YES;
				CLANG_WARN_EMPTY_BODY = YES;
				CLANG_WARN_ENUM_CONVERSION = YES;
				CLANG_WARN_INFINITE_RECURSION = YES;
				CLANG_WARN_INT_CONVERSION = YES;
				CLANG_WARN_OBJC_ROOT_CLASS = YES_ERROR;
				CLANG_WARN_SUSPICIOUS_MOVE = YES;
				CLANG_WARN_UNREACHABLE_CODE = YES;
				CLANG_WARN__DUPLICATE_METHOD_MATCH = YES;
				"CODE_SIGN_IDENTITY[sdk=iphoneos*]" = "iPhone Developer";
				COPY_PHASE_STRIP = NO;
				DEBUG_INFORMATION_FORMAT = dwarf;
				ENABLE_STRICT_OBJC_MSGSEND = YES;
				ENABLE_TESTABILITY = YES;
				GCC_C_LANGUAGE_STANDARD = gnu99;
				GCC_DYNAMIC_NO_PIC = NO;
				GCC_NO_COMMON_BLOCKS = YES;
				GCC_OPTIMIZATION_LEVEL = 0;
				GCC_PREPROCESSOR_DEFINITIONS = (
					"DEBUG=1",
					"$(inherited)",
				);
				GCC_WARN_64_TO_32_BIT_CONVERSION = YES;
				GCC_WARN_ABOUT_RETURN_TYPE = YES_ERROR;
				GCC_WARN_UNDECLARED_SELECTOR = YES;
				GCC_WARN_UNINITIALIZED_AUTOS = YES_AGGRESSIVE;
				GCC_WARN_UNUSED_FUNCTION = YES;
				GCC_WARN_UNUSED_VARIABLE = YES;
				IPHONEOS_DEPLOYMENT_TARGET = 10.3;
				MTL_ENABLE_DEBUG_INFO = YES;
				ONLY_ACTIVE_ARCH = YES;
				SDKROOT = iphoneos;
			};
			name = Debug;
		};
		6653EFAD1E952E530022CAB9 /* Release */ = {
			isa = XCBuildConfiguration;
			buildSettings = {
				ALWAYS_SEARCH_USER_PATHS = NO;
				CLANG_ANALYZER_NONNULL = YES;
				CLANG_ANALYZER_NUMBER_OBJECT_CONVERSION = YES_AGGRESSIVE;
				CLANG_CXX_LANGUAGE_STANDARD = "gnu++0x";
				CLANG_CXX_LIBRARY = "libc++";
				CLANG_ENABLE_MODULES = YES;
				CLANG_ENABLE_OBJC_ARC = YES;
				CLANG_WARN_BOOL_CONVERSION = YES;
				CLANG_WARN_CONSTANT_CONVERSION = YES;
				CLANG_WARN_DIRECT_OBJC_ISA_USAGE = YES_ERROR;
				CLANG_WARN_DOCUMENTATION_COMMENTS = YES;
				CLANG_WARN_EMPTY_BODY = YES;
				CLANG_WARN_ENUM_CONVERSION = YES;
				CLANG_WARN_INFINITE_RECURSION = YES;
				CLANG_WARN_INT_CONVERSION = YES;
				CLANG_WARN_OBJC_ROOT_CLASS = YES_ERROR;
				CLANG_WARN_SUSPICIOUS_MOVE = YES;
				CLANG_WARN_UNREACHABLE_CODE = YES;
				CLANG_WARN__DUPLICATE_METHOD_MATCH = YES;
				"CODE_SIGN_IDENTITY[sdk=iphoneos*]" = "iPhone Developer";
				COPY_PHASE_STRIP = NO;
				DEBUG_INFORMATION_FORMAT = "dwarf-with-dsym";
				ENABLE_NS_ASSERTIONS = NO;
				ENABLE_STRICT_OBJC_MSGSEND = YES;
				GCC_C_LANGUAGE_STANDARD = gnu99;
				GCC_NO_COMMON_BLOCKS = YES;
				GCC_WARN_64_TO_32_BIT_CONVERSION = YES;
				GCC_WARN_ABOUT_RETURN_TYPE = YES_ERROR;
				GCC_WARN_UNDECLARED_SELECTOR = YES;
				GCC_WARN_UNINITIALIZED_AUTOS = YES_AGGRESSIVE;
				GCC_WARN_UNUSED_FUNCTION = YES;
				GCC_WARN_UNUSED_VARIABLE = YES;
				IPHONEOS_DEPLOYMENT_TARGET = 10.3;
				MTL_ENABLE_DEBUG_INFO = NO;
				SDKROOT = iphoneos;
				VALIDATE_PRODUCT = YES;
			};
			name = Release;
		};
		6653EFAF1E952E530022CAB9 /* Debug */ = {
			isa = XCBuildConfiguration;
			buildSettings = {
				ASSETCATALOG_COMPILER_APPICON_NAME = AppIcon;
				INFOPLIST_FILE = JZEchoEliminateDemo/Info.plist;
				LD_RUNPATH_SEARCH_PATHS = "$(inherited) @executable_path/Frameworks";
				PRODUCT_BUNDLE_IDENTIFIER = cn.ingenic.JZEchoEliminateDemo;
				PRODUCT_NAME = "$(TARGET_NAME)";
			};
			name = Debug;
		};
		6653EFB01E952E530022CAB9 /* Release */ = {
			isa = XCBuildConfiguration;
			buildSettings = {
				ASSETCATALOG_COMPILER_APPICON_NAME = AppIcon;
				INFOPLIST_FILE = JZEchoEliminateDemo/Info.plist;
				LD_RUNPATH_SEARCH_PATHS = "$(inherited) @executable_path/Frameworks";
				PRODUCT_BUNDLE_IDENTIFIER = cn.ingenic.JZEchoEliminateDemo;
				PRODUCT_NAME = "$(TARGET_NAME)";
			};
			name = Release;
		};
/* End XCBuildConfiguration section */

/* Begin XCConfigurationList section */
		6653EF921E952E530022CAB9 /* Build configuration list for PBXProject "JZEchoEliminateDemo" */ = {
			isa = XCConfigurationList;
			buildConfigurations = (
				6653EFAC1E952E530022CAB9 /* Debug */,
				6653EFAD1E952E530022CAB9 /* Release */,
			);
			defaultConfigurationIsVisible = 0;
			defaultConfigurationName = Release;
		};
		6653EFAE1E952E530022CAB9 /* Build configuration list for PBXNativeTarget "JZEchoEliminateDemo" */ = {
			isa = XCConfigurationList;
			buildConfigurations = (
				6653EFAF1E952E530022CAB9 /* Debug */,
				6653EFB01E952E530022CAB9 /* Release */,
			);
			defaultConfigurationIsVisible = 0;
		};
/* End XCConfigurationList section */
	};
	rootObject = 6653EF8F1E952E530022CAB9 /* Project object */;
}
