// !$*UTF8*$!
{
	archiveVersion = 1;
	classes = {
	};
	objectVersion = 46;
	objects = {

/* Begin PBXBuildFile section */
		8AB859D01E8DE546001DA1CC /* JZAudioFile.m in Sources */ = {isa = PBXBuildFile; fileRef = 8AB859CF1E8DE546001DA1CC /* JZAudioFile.m */; };
		8AEB25351E80C7DB001CACAA /* main.m in Sources */ = {isa = PBXBuildFile; fileRef = 8AEB25341E80C7DB001CACAA /* main.m */; };
		8AEB25381E80C7DB001CACAA /* AppDelegate.m in Sources */ = {isa = PBXBuildFile; fileRef = 8AEB25371E80C7DB001CACAA /* AppDelegate.m */; };
		8AEB253B1E80C7DB001CACAA /* ViewController.m in Sources */ = {isa = PBXBuildFile; fileRef = 8AEB253A1E80C7DB001CACAA /* ViewController.m */; };
		8AEB253E1E80C7DB001CACAA /* Main.storyboard in Resources */ = {isa = PBXBuildFile; fileRef = 8AEB253C1E80C7DB001CACAA /* Main.storyboard */; };
		8AEB25431E80C7DB001CACAA /* LaunchScreen.storyboard in Resources */ = {isa = PBXBuildFile; fileRef = 8AEB25411E80C7DB001CACAA /* LaunchScreen.storyboard */; };
		8AEB254E1E80C7DB001CACAA /* AudioFileServicesDemoTests.m in Sources */ = {isa = PBXBuildFile; fileRef = 8AEB254D1E80C7DB001CACAA /* AudioFileServicesDemoTests.m */; };
		8AEB25591E80C7DB001CACAA /* AudioFileServicesDemoUITests.m in Sources */ = {isa = PBXBuildFile; fileRef = 8AEB25581E80C7DB001CACAA /* AudioFileServicesDemoUITests.m */; };
		8AEB256A1E80D69D001CACAA /* Assets.xcassets in Resources */ = {isa = PBXBuildFile; fileRef = 8AEB25671E80D69D001CACAA /* Assets.xcassets */; };
		8AEB256B1E80D69D001CACAA /* 01.caf in Resources */ = {isa = PBXBuildFile; fileRef = 8AEB25691E80D69D001CACAA /* 01.caf */; };
/* End PBXBuildFile section */

/* Begin PBXContainerItemProxy section */
		8AEB254A1E80C7DB001CACAA /* PBXContainerItemProxy */ = {
			isa = PBXContainerItemProxy;
			containerPortal = 8AEB25281E80C7DB001CACAA /* Project object */;
			proxyType = 1;
			remoteGlobalIDString = 8AEB252F1E80C7DB001CACAA;
			remoteInfo = AudioFileServicesDemo;
		};
		8AEB25551E80C7DB001CACAA /* PBXContainerItemProxy */ = {
			isa = PBXContainerItemProxy;
			containerPortal = 8AEB25281E80C7DB001CACAA /* Project object */;
			proxyType = 1;
			remoteGlobalIDString = 8AEB252F1E80C7DB001CACAA;
			remoteInfo = AudioFileServicesDemo;
		};
/* End PBXContainerItemProxy section */

/* Begin PBXFileReference section */
		8AB859CE1E8DE546001DA1CC /* JZAudioFile.h */ = {isa = PBXFileReference; fileEncoding = 4; lastKnownFileType = sourcecode.c.h; path = JZAudioFile.h; sourceTree = "<group>"; };
		8AB859CF1E8DE546001DA1CC /* JZAudioFile.m */ = {isa = PBXFileReference; fileEncoding = 4; lastKnownFileType = sourcecode.c.objc; path = JZAudioFile.m; sourceTree = "<group>"; };
		8AEB25301E80C7DB001CACAA /* AudioFileServicesDemo.app */ = {isa = PBXFileReference; explicitFileType = wrapper.application; includeInIndex = 0; path = AudioFileServicesDemo.app; sourceTree = BUILT_PRODUCTS_DIR; };
		8AEB25341E80C7DB001CACAA /* main.m */ = {isa = PBXFileReference; lastKnownFileType = sourcecode.c.objc; path = main.m; sourceTree = "<group>"; };
		8AEB25361E80C7DB001CACAA /* AppDelegate.h */ = {isa = PBXFileReference; lastKnownFileType = sourcecode.c.h; path = AppDelegate.h; sourceTree = "<group>"; };
		8AEB25371E80C7DB001CACAA /* AppDelegate.m */ = {isa = PBXFileReference; lastKnownFileType = sourcecode.c.objc; path = AppDelegate.m; sourceTree = "<group>"; };
		8AEB25391E80C7DB001CACAA /* ViewController.h */ = {isa = PBXFileReference; lastKnownFileType = sourcecode.c.h; path = ViewController.h; sourceTree = "<group>"; };
		8AEB253A1E80C7DB001CACAA /* ViewController.m */ = {isa = PBXFileReference; lastKnownFileType = sourcecode.c.objc; path = ViewController.m; sourceTree = "<group>"; };
		8AEB253D1E80C7DB001CACAA /* Base */ = {isa = PBXFileReference; lastKnownFileType = file.storyboard; name = Base; path = Base.lproj/Main.storyboard; sourceTree = "<group>"; };
		8AEB25421E80C7DB001CACAA /* Base */ = {isa = PBXFileReference; lastKnownFileType = file.storyboard; name = Base; path = Base.lproj/LaunchScreen.storyboard; sourceTree = "<group>"; };
		8AEB25441E80C7DB001CACAA /* Info.plist */ = {isa = PBXFileReference; lastKnownFileType = text.plist.xml; path = Info.plist; sourceTree = "<group>"; };
		8AEB25491E80C7DB001CACAA /* AudioFileServicesDemoTests.xctest */ = {isa = PBXFileReference; explicitFileType = wrapper.cfbundle; includeInIndex = 0; path = AudioFileServicesDemoTests.xctest; sourceTree = BUILT_PRODUCTS_DIR; };
		8AEB254D1E80C7DB001CACAA /* AudioFileServicesDemoTests.m */ = {isa = PBXFileReference; lastKnownFileType = sourcecode.c.objc; path = AudioFileServicesDemoTests.m; sourceTree = "<group>"; };
		8AEB254F1E80C7DB001CACAA /* Info.plist */ = {isa = PBXFileReference; lastKnownFileType = text.plist.xml; path = Info.plist; sourceTree = "<group>"; };
		8AEB25541E80C7DB001CACAA /* AudioFileServicesDemoUITests.xctest */ = {isa = PBXFileReference; explicitFileType = wrapper.cfbundle; includeInIndex = 0; path = AudioFileServicesDemoUITests.xctest; sourceTree = BUILT_PRODUCTS_DIR; };
		8AEB25581E80C7DB001CACAA /* AudioFileServicesDemoUITests.m */ = {isa = PBXFileReference; lastKnownFileType = sourcecode.c.objc; path = AudioFileServicesDemoUITests.m; sourceTree = "<group>"; };
		8AEB255A1E80C7DB001CACAA /* Info.plist */ = {isa = PBXFileReference; lastKnownFileType = text.plist.xml; path = Info.plist; sourceTree = "<group>"; };
		8AEB25671E80D69D001CACAA /* Assets.xcassets */ = {isa = PBXFileReference; lastKnownFileType = folder.assetcatalog; path = Assets.xcassets; sourceTree = "<group>"; };
		8AEB25691E80D69D001CACAA /* 01.caf */ = {isa = PBXFileReference; lastKnownFileType = file; path = 01.caf; sourceTree = "<group>"; };
/* End PBXFileReference section */

/* Begin PBXFrameworksBuildPhase section */
		8AEB252D1E80C7DB001CACAA /* Frameworks */ = {
			isa = PBXFrameworksBuildPhase;
			buildActionMask = 2147483647;
			files = (
			);
			runOnlyForDeploymentPostprocessing = 0;
		};
		8AEB25461E80C7DB001CACAA /* Frameworks */ = {
			isa = PBXFrameworksBuildPhase;
			buildActionMask = 2147483647;
			files = (
			);
			runOnlyForDeploymentPostprocessing = 0;
		};
		8AEB25511E80C7DB001CACAA /* Frameworks */ = {
			isa = PBXFrameworksBuildPhase;
			buildActionMask = 2147483647;
			files = (
			);
			runOnlyForDeploymentPostprocessing = 0;
		};
/* End PBXFrameworksBuildPhase section */

/* Begin PBXGroup section */
		8AEB25271E80C7DB001CACAA = {
			isa = PBXGroup;
			children = (
				8AEB25321E80C7DB001CACAA /* AudioFileServicesDemo */,
				8AEB254C1E80C7DB001CACAA /* AudioFileServicesDemoTests */,
				8AEB25571E80C7DB001CACAA /* AudioFileServicesDemoUITests */,
				8AEB25311E80C7DB001CACAA /* Products */,
			);
			sourceTree = "<group>";
		};
		8AEB25311E80C7DB001CACAA /* Products */ = {
			isa = PBXGroup;
			children = (
				8AEB25301E80C7DB001CACAA /* AudioFileServicesDemo.app */,
				8AEB25491E80C7DB001CACAA /* AudioFileServicesDemoTests.xctest */,
				8AEB25541E80C7DB001CACAA /* AudioFileServicesDemoUITests.xctest */,
			);
			name = Products;
			sourceTree = "<group>";
		};
		8AEB25321E80C7DB001CACAA /* AudioFileServicesDemo */ = {
			isa = PBXGroup;
			children = (
				8AEB25361E80C7DB001CACAA /* AppDelegate.h */,
				8AEB25371E80C7DB001CACAA /* AppDelegate.m */,
				8AEB25391E80C7DB001CACAA /* ViewController.h */,
				8AEB253A1E80C7DB001CACAA /* ViewController.m */,
				8AEB253C1E80C7DB001CACAA /* Main.storyboard */,
				8AEB25661E80D69D001CACAA /* Resource */,
				8AEB25411E80C7DB001CACAA /* LaunchScreen.storyboard */,
				8AEB25441E80C7DB001CACAA /* Info.plist */,
				8AEB25331E80C7DB001CACAA /* Supporting Files */,
				8AB859CE1E8DE546001DA1CC /* JZAudioFile.h */,
				8AB859CF1E8DE546001DA1CC /* JZAudioFile.m */,
			);
			path = AudioFileServicesDemo;
			sourceTree = "<group>";
		};
		8AEB25331E80C7DB001CACAA /* Supporting Files */ = {
			isa = PBXGroup;
			children = (
				8AEB25341E80C7DB001CACAA /* main.m */,
			);
			name = "Supporting Files";
			sourceTree = "<group>";
		};
		8AEB254C1E80C7DB001CACAA /* AudioFileServicesDemoTests */ = {
			isa = PBXGroup;
			children = (
				8AEB254D1E80C7DB001CACAA /* AudioFileServicesDemoTests.m */,
				8AEB254F1E80C7DB001CACAA /* Info.plist */,
			);
			path = AudioFileServicesDemoTests;
			sourceTree = "<group>";
		};
		8AEB25571E80C7DB001CACAA /* AudioFileServicesDemoUITests */ = {
			isa = PBXGroup;
			children = (
				8AEB25581E80C7DB001CACAA /* AudioFileServicesDemoUITests.m */,
				8AEB255A1E80C7DB001CACAA /* Info.plist */,
			);
			path = AudioFileServicesDemoUITests;
			sourceTree = "<group>";
		};
		8AEB25661E80D69D001CACAA /* Resource */ = {
			isa = PBXGroup;
			children = (
				8AEB25671E80D69D001CACAA /* Assets.xcassets */,
				8AEB25681E80D69D001CACAA /* sounds */,
			);
			path = Resource;
			sourceTree = "<group>";
		};
		8AEB25681E80D69D001CACAA /* sounds */ = {
			isa = PBXGroup;
			children = (
				8AEB25691E80D69D001CACAA /* 01.caf */,
			);
			path = sounds;
			sourceTree = "<group>";
		};
/* End PBXGroup section */

/* Begin PBXNativeTarget section */
		8AEB252F1E80C7DB001CACAA /* AudioFileServicesDemo */ = {
			isa = PBXNativeTarget;
			buildConfigurationList = 8AEB255D1E80C7DB001CACAA /* Build configuration list for PBXNativeTarget "AudioFileServicesDemo" */;
			buildPhases = (
				8AEB252C1E80C7DB001CACAA /* Sources */,
				8AEB252D1E80C7DB001CACAA /* Frameworks */,
				8AEB252E1E80C7DB001CACAA /* Resources */,
			);
			buildRules = (
			);
			dependencies = (
			);
			name = AudioFileServicesDemo;
			productName = AudioFileServicesDemo;
			productReference = 8AEB25301E80C7DB001CACAA /* AudioFileServicesDemo.app */;
			productType = "com.apple.product-type.application";
		};
		8AEB25481E80C7DB001CACAA /* AudioFileServicesDemoTests */ = {
			isa = PBXNativeTarget;
			buildConfigurationList = 8AEB25601E80C7DB001CACAA /* Build configuration list for PBXNativeTarget "AudioFileServicesDemoTests" */;
			buildPhases = (
				8AEB25451E80C7DB001CACAA /* Sources */,
				8AEB25461E80C7DB001CACAA /* Frameworks */,
				8AEB25471E80C7DB001CACAA /* Resources */,
			);
			buildRules = (
			);
			dependencies = (
				8AEB254B1E80C7DB001CACAA /* PBXTargetDependency */,
			);
			name = AudioFileServicesDemoTests;
			productName = AudioFileServicesDemoTests;
			productReference = 8AEB25491E80C7DB001CACAA /* AudioFileServicesDemoTests.xctest */;
			productType = "com.apple.product-type.bundle.unit-test";
		};
		8AEB25531E80C7DB001CACAA /* AudioFileServicesDemoUITests */ = {
			isa = PBXNativeTarget;
			buildConfigurationList = 8AEB25631E80C7DB001CACAA /* Build configuration list for PBXNativeTarget "AudioFileServicesDemoUITests" */;
			buildPhases = (
				8AEB25501E80C7DB001CACAA /* Sources */,
				8AEB25511E80C7DB001CACAA /* Frameworks */,
				8AEB25521E80C7DB001CACAA /* Resources */,
			);
			buildRules = (
			);
			dependencies = (
				8AEB25561E80C7DB001CACAA /* PBXTargetDependency */,
			);
			name = AudioFileServicesDemoUITests;
			productName = AudioFileServicesDemoUITests;
			productReference = 8AEB25541E80C7DB001CACAA /* AudioFileServicesDemoUITests.xctest */;
			productType = "com.apple.product-type.bundle.ui-testing";
		};
/* End PBXNativeTarget section */

/* Begin PBXProject section */
		8AEB25281E80C7DB001CACAA /* Project object */ = {
			isa = PBXProject;
			attributes = {
				LastUpgradeCheck = 0820;
				ORGANIZATIONNAME = ingenic;
				TargetAttributes = {
					8AEB252F1E80C7DB001CACAA = {
						CreatedOnToolsVersion = 8.2.1;
						DevelopmentTeam = WS7Q6CWX7Q;
						ProvisioningStyle = Automatic;
					};
					8AEB25481E80C7DB001CACAA = {
						CreatedOnToolsVersion = 8.2.1;
						DevelopmentTeam = WS7Q6CWX7Q;
						ProvisioningStyle = Automatic;
						TestTargetID = 8AEB252F1E80C7DB001CACAA;
					};
					8AEB25531E80C7DB001CACAA = {
						CreatedOnToolsVersion = 8.2.1;
						DevelopmentTeam = WS7Q6CWX7Q;
						ProvisioningStyle = Automatic;
						TestTargetID = 8AEB252F1E80C7DB001CACAA;
					};
				};
			};
			buildConfigurationList = 8AEB252B1E80C7DB001CACAA /* Build configuration list for PBXProject "AudioFileServicesDemo" */;
			compatibilityVersion = "Xcode 3.2";
			developmentRegion = English;
			hasScannedForEncodings = 0;
			knownRegions = (
				en,
				Base,
			);
			mainGroup = 8AEB25271E80C7DB001CACAA;
			productRefGroup = 8AEB25311E80C7DB001CACAA /* Products */;
			projectDirPath = "";
			projectRoot = "";
			targets = (
				8AEB252F1E80C7DB001CACAA /* AudioFileServicesDemo */,
				8AEB25481E80C7DB001CACAA /* AudioFileServicesDemoTests */,
				8AEB25531E80C7DB001CACAA /* AudioFileServicesDemoUITests */,
			);
		};
/* End PBXProject section */

/* Begin PBXResourcesBuildPhase section */
		8AEB252E1E80C7DB001CACAA /* Resources */ = {
			isa = PBXResourcesBuildPhase;
			buildActionMask = 2147483647;
			files = (
				8AEB25431E80C7DB001CACAA /* LaunchScreen.storyboard in Resources */,
				8AEB256A1E80D69D001CACAA /* Assets.xcassets in Resources */,
				8AEB253E1E80C7DB001CACAA /* Main.storyboard in Resources */,
				8AEB256B1E80D69D001CACAA /* 01.caf in Resources */,
			);
			runOnlyForDeploymentPostprocessing = 0;
		};
		8AEB25471E80C7DB001CACAA /* Resources */ = {
			isa = PBXResourcesBuildPhase;
			buildActionMask = 2147483647;
			files = (
			);
			runOnlyForDeploymentPostprocessing = 0;
		};
		8AEB25521E80C7DB001CACAA /* Resources */ = {
			isa = PBXResourcesBuildPhase;
			buildActionMask = 2147483647;
			files = (
			);
			runOnlyForDeploymentPostprocessing = 0;
		};
/* End PBXResourcesBuildPhase section */

/* Begin PBXSourcesBuildPhase section */
		8AEB252C1E80C7DB001CACAA /* Sources */ = {
			isa = PBXSourcesBuildPhase;
			buildActionMask = 2147483647;
			files = (
				8AEB253B1E80C7DB001CACAA /* ViewController.m in Sources */,
				8AEB25381E80C7DB001CACAA /* AppDelegate.m in Sources */,
				8AB859D01E8DE546001DA1CC /* JZAudioFile.m in Sources */,
				8AEB25351E80C7DB001CACAA /* main.m in Sources */,
			);
			runOnlyForDeploymentPostprocessing = 0;
		};
		8AEB25451E80C7DB001CACAA /* Sources */ = {
			isa = PBXSourcesBuildPhase;
			buildActionMask = 2147483647;
			files = (
				8AEB254E1E80C7DB001CACAA /* AudioFileServicesDemoTests.m in Sources */,
			);
			runOnlyForDeploymentPostprocessing = 0;
		};
		8AEB25501E80C7DB001CACAA /* Sources */ = {
			isa = PBXSourcesBuildPhase;
			buildActionMask = 2147483647;
			files = (
				8AEB25591E80C7DB001CACAA /* AudioFileServicesDemoUITests.m in Sources */,
			);
			runOnlyForDeploymentPostprocessing = 0;
		};
/* End PBXSourcesBuildPhase section */

/* Begin PBXTargetDependency section */
		8AEB254B1E80C7DB001CACAA /* PBXTargetDependency */ = {
			isa = PBXTargetDependency;
			target = 8AEB252F1E80C7DB001CACAA /* AudioFileServicesDemo */;
			targetProxy = 8AEB254A1E80C7DB001CACAA /* PBXContainerItemProxy */;
		};
		8AEB25561E80C7DB001CACAA /* PBXTargetDependency */ = {
			isa = PBXTargetDependency;
			target = 8AEB252F1E80C7DB001CACAA /* AudioFileServicesDemo */;
			targetProxy = 8AEB25551E80C7DB001CACAA /* PBXContainerItemProxy */;
		};
/* End PBXTargetDependency section */

/* Begin PBXVariantGroup section */
		8AEB253C1E80C7DB001CACAA /* Main.storyboard */ = {
			isa = PBXVariantGroup;
			children = (
				8AEB253D1E80C7DB001CACAA /* Base */,
			);
			name = Main.storyboard;
			sourceTree = "<group>";
		};
		8AEB25411E80C7DB001CACAA /* LaunchScreen.storyboard */ = {
			isa = PBXVariantGroup;
			children = (
				8AEB25421E80C7DB001CACAA /* Base */,
			);
			name = LaunchScreen.storyboard;
			sourceTree = "<group>";
		};
/* End PBXVariantGroup section */

/* Begin XCBuildConfiguration section */
		8AEB255B1E80C7DB001CACAA /* Debug */ = {
			isa = XCBuildConfiguration;
			buildSettings = {
				ALWAYS_SEARCH_USER_PATHS = NO;
				CLANG_ANALYZER_NONNULL = YES;
				CLANG_CXX_LANGUAGE_STANDARD = "gnu++0x";
				CLANG_CXX_LIBRARY = "libc++";
				CLANG_ENABLE_MODULES = YES;
				CLANG_ENABLE_OBJC_ARC = YES;
				CLANG_WARN_BOOL_CONVERSION = YES;
				CLANG_WARN_CONSTANT_CONVERSION = YES;
				CLANG_WARN_DIRECT_OBJC_ISA_USAGE = YES_ERROR;
				CLANG_WARN_DOCUMENTATION_COMMENTS = YES;
				CLANG_WARN_EMPTY_BODY = YES;
				CLANG_WARN_ENUM_CONVERSION = YES;
				CLANG_WARN_INFINITE_RECURSION = YES;
				CLANG_WARN_INT_CONVERSION = YES;
				CLANG_WARN_OBJC_ROOT_CLASS = YES_ERROR;
				CLANG_WARN_SUSPICIOUS_MOVE = YES;
				CLANG_WARN_UNREACHABLE_CODE = YES;
				CLANG_WARN__DUPLICATE_METHOD_MATCH = YES;
				"CODE_SIGN_IDENTITY[sdk=iphoneos*]" = "iPhone Developer";
				COPY_PHASE_STRIP = NO;
				DEBUG_INFORMATION_FORMAT = dwarf;
				ENABLE_STRICT_OBJC_MSGSEND = YES;
				ENABLE_TESTABILITY = YES;
				GCC_C_LANGUAGE_STANDARD = gnu99;
				GCC_DYNAMIC_NO_PIC = NO;
				GCC_NO_COMMON_BLOCKS = YES;
				GCC_OPTIMIZATION_LEVEL = 0;
				GCC_PREPROCESSOR_DEFINITIONS = (
					"DEBUG=1",
					"$(inherited)",
				);
				GCC_WARN_64_TO_32_BIT_CONVERSION = YES;
				GCC_WARN_ABOUT_RETURN_TYPE = YES_ERROR;
				GCC_WARN_UNDECLARED_SELECTOR = YES;
				GCC_WARN_UNINITIALIZED_AUTOS = YES_AGGRESSIVE;
				GCC_WARN_UNUSED_FUNCTION = YES;
				GCC_WARN_UNUSED_VARIABLE = YES;
				IPHONEOS_DEPLOYMENT_TARGET = 10.2;
				MTL_ENABLE_DEBUG_INFO = YES;
				ONLY_ACTIVE_ARCH = YES;
				SDKROOT = iphoneos;
			};
			name = Debug;
		};
		8AEB255C1E80C7DB001CACAA /* Release */ = {
			isa = XCBuildConfiguration;
			buildSettings = {
				ALWAYS_SEARCH_USER_PATHS = NO;
				CLANG_ANALYZER_NONNULL = YES;
				CLANG_CXX_LANGUAGE_STANDARD = "gnu++0x";
				CLANG_CXX_LIBRARY = "libc++";
				CLANG_ENABLE_MODULES = YES;
				CLANG_ENABLE_OBJC_ARC = YES;
				CLANG_WARN_BOOL_CONVERSION = YES;
				CLANG_WARN_CONSTANT_CONVERSION = YES;
				CLANG_WARN_DIRECT_OBJC_ISA_USAGE = YES_ERROR;
				CLANG_WARN_DOCUMENTATION_COMMENTS = YES;
				CLANG_WARN_EMPTY_BODY = YES;
				CLANG_WARN_ENUM_CONVERSION = YES;
				CLANG_WARN_INFINITE_RECURSION = YES;
				CLANG_WARN_INT_CONVERSION = YES;
				CLANG_WARN_OBJC_ROOT_CLASS = YES_ERROR;
				CLANG_WARN_SUSPICIOUS_MOVE = YES;
				CLANG_WARN_UNREACHABLE_CODE = YES;
				CLANG_WARN__DUPLICATE_METHOD_MATCH = YES;
				"CODE_SIGN_IDENTITY[sdk=iphoneos*]" = "iPhone Developer";
				COPY_PHASE_STRIP = NO;
				DEBUG_INFORMATION_FORMAT = "dwarf-with-dsym";
				ENABLE_NS_ASSERTIONS = NO;
				ENABLE_STRICT_OBJC_MSGSEND = YES;
				GCC_C_LANGUAGE_STANDARD = gnu99;
				GCC_NO_COMMON_BLOCKS = YES;
				GCC_WARN_64_TO_32_BIT_CONVERSION = YES;
				GCC_WARN_ABOUT_RETURN_TYPE = YES_ERROR;
				GCC_WARN_UNDECLARED_SELECTOR = YES;
				GCC_WARN_UNINITIALIZED_AUTOS = YES_AGGRESSIVE;
				GCC_WARN_UNUSED_FUNCTION = YES;
				GCC_WARN_UNUSED_VARIABLE = YES;
				IPHONEOS_DEPLOYMENT_TARGET = 10.2;
				MTL_ENABLE_DEBUG_INFO = NO;
				SDKROOT = iphoneos;
				VALIDATE_PRODUCT = YES;
			};
			name = Release;
		};
		8AEB255E1E80C7DB001CACAA /* Debug */ = {
			isa = XCBuildConfiguration;
			buildSettings = {
				ASSETCATALOG_COMPILER_APPICON_NAME = AppIcon;
				DEVELOPMENT_TEAM = WS7Q6CWX7Q;
				INFOPLIST_FILE = AudioFileServicesDemo/Info.plist;
				LD_RUNPATH_SEARCH_PATHS = "$(inherited) @executable_path/Frameworks";
				PRODUCT_BUNDLE_IDENTIFIER = com.ingenic.AudioFileServicesDemo;
				PRODUCT_NAME = "$(TARGET_NAME)";
			};
			name = Debug;
		};
		8AEB255F1E80C7DB001CACAA /* Release */ = {
			isa = XCBuildConfiguration;
			buildSettings = {
				ASSETCATALOG_COMPILER_APPICON_NAME = AppIcon;
				DEVELOPMENT_TEAM = WS7Q6CWX7Q;
				INFOPLIST_FILE = AudioFileServicesDemo/Info.plist;
				LD_RUNPATH_SEARCH_PATHS = "$(inherited) @executable_path/Frameworks";
				PRODUCT_BUNDLE_IDENTIFIER = com.ingenic.AudioFileServicesDemo;
				PRODUCT_NAME = "$(TARGET_NAME)";
			};
			name = Release;
		};
		8AEB25611E80C7DB001CACAA /* Debug */ = {
			isa = XCBuildConfiguration;
			buildSettings = {
				BUNDLE_LOADER = "$(TEST_HOST)";
				DEVELOPMENT_TEAM = WS7Q6CWX7Q;
				INFOPLIST_FILE = AudioFileServicesDemoTests/Info.plist;
				LD_RUNPATH_SEARCH_PATHS = "$(inherited) @executable_path/Frameworks @loader_path/Frameworks";
				PRODUCT_BUNDLE_IDENTIFIER = com.ingenic.AudioFileServicesDemoTests;
				PRODUCT_NAME = "$(TARGET_NAME)";
				TEST_HOST = "$(BUILT_PRODUCTS_DIR)/AudioFileServicesDemo.app/AudioFileServicesDemo";
			};
			name = Debug;
		};
		8AEB25621E80C7DB001CACAA /* Release */ = {
			isa = XCBuildConfiguration;
			buildSettings = {
				BUNDLE_LOADER = "$(TEST_HOST)";
				DEVELOPMENT_TEAM = WS7Q6CWX7Q;
				INFOPLIST_FILE = AudioFileServicesDemoTests/Info.plist;
				LD_RUNPATH_SEARCH_PATHS = "$(inherited) @executable_path/Frameworks @loader_path/Frameworks";
				PRODUCT_BUNDLE_IDENTIFIER = com.ingenic.AudioFileServicesDemoTests;
				PRODUCT_NAME = "$(TARGET_NAME)";
				TEST_HOST = "$(BUILT_PRODUCTS_DIR)/AudioFileServicesDemo.app/AudioFileServicesDemo";
			};
			name = Release;
		};
		8AEB25641E80C7DB001CACAA /* Debug */ = {
			isa = XCBuildConfiguration;
			buildSettings = {
				DEVELOPMENT_TEAM = WS7Q6CWX7Q;
				INFOPLIST_FILE = AudioFileServicesDemoUITests/Info.plist;
				LD_RUNPATH_SEARCH_PATHS = "$(inherited) @executable_path/Frameworks @loader_path/Frameworks";
				PRODUCT_BUNDLE_IDENTIFIER = com.ingenic.AudioFileServicesDemoUITests;
				PRODUCT_NAME = "$(TARGET_NAME)";
				TEST_TARGET_NAME = AudioFileServicesDemo;
			};
			name = Debug;
		};
		8AEB25651E80C7DB001CACAA /* Release */ = {
			isa = XCBuildConfiguration;
			buildSettings = {
				DEVELOPMENT_TEAM = WS7Q6CWX7Q;
				INFOPLIST_FILE = AudioFileServicesDemoUITests/Info.plist;
				LD_RUNPATH_SEARCH_PATHS = "$(inherited) @executable_path/Frameworks @loader_path/Frameworks";
				PRODUCT_BUNDLE_IDENTIFIER = com.ingenic.AudioFileServicesDemoUITests;
				PRODUCT_NAME = "$(TARGET_NAME)";
				TEST_TARGET_NAME = AudioFileServicesDemo;
			};
			name = Release;
		};
/* End XCBuildConfiguration section */

/* Begin XCConfigurationList section */
		8AEB252B1E80C7DB001CACAA /* Build configuration list for PBXProject "AudioFileServicesDemo" */ = {
			isa = XCConfigurationList;
			buildConfigurations = (
				8AEB255B1E80C7DB001CACAA /* Debug */,
				8AEB255C1E80C7DB001CACAA /* Release */,
			);
			defaultConfigurationIsVisible = 0;
			defaultConfigurationName = Release;
		};
		8AEB255D1E80C7DB001CACAA /* Build configuration list for PBXNativeTarget "AudioFileServicesDemo" */ = {
			isa = XCConfigurationList;
			buildConfigurations = (
				8AEB255E1E80C7DB001CACAA /* Debug */,
				8AEB255F1E80C7DB001CACAA /* Release */,
			);
			defaultConfigurationIsVisible = 0;
			defaultConfigurationName = Release;
		};
		8AEB25601E80C7DB001CACAA /* Build configuration list for PBXNativeTarget "AudioFileServicesDemoTests" */ = {
			isa = XCConfigurationList;
			buildConfigurations = (
				8AEB25611E80C7DB001CACAA /* Debug */,
				8AEB25621E80C7DB001CACAA /* Release */,
			);
			defaultConfigurationIsVisible = 0;
			defaultConfigurationName = Release;
		};
		8AEB25631E80C7DB001CACAA /* Build configuration list for PBXNativeTarget "AudioFileServicesDemoUITests" */ = {
			isa = XCConfigurationList;
			buildConfigurations = (
				8AEB25641E80C7DB001CACAA /* Debug */,
				8AEB25651E80C7DB001CACAA /* Release */,
			);
			defaultConfigurationIsVisible = 0;
			defaultConfigurationName = Release;
		};
/* End XCConfigurationList section */
	};
	rootObject = 8AEB25281E80C7DB001CACAA /* Project object */;
}
