// !$*UTF8*$!
{
	archiveVersion = 1;
	classes = {
	};
	objectVersion = 46;
	objects = {

/* Begin PBXBuildFile section */
		8A93EF5A1E88F53D004259BA /* AudioToolbox.framework in Frameworks */ = {isa = PBXBuildFile; fileRef = 8A93EF591E88F53D004259BA /* AudioToolbox.framework */; };
		8AF673451E8117F500831FD0 /* main.m in Sources */ = {isa = PBXBuildFile; fileRef = 8AF673441E8117F500831FD0 /* main.m */; };
		8AF673481E8117F500831FD0 /* AppDelegate.m in Sources */ = {isa = PBXBuildFile; fileRef = 8AF673471E8117F500831FD0 /* AppDelegate.m */; };
		8AF6734B1E8117F500831FD0 /* ViewController.m in Sources */ = {isa = PBXBuildFile; fileRef = 8AF6734A1E8117F500831FD0 /* ViewController.m */; };
		8AF6734E1E8117F500831FD0 /* Main.storyboard in Resources */ = {isa = PBXBuildFile; fileRef = 8AF6734C1E8117F500831FD0 /* Main.storyboard */; };
		8AF673531E8117F500831FD0 /* LaunchScreen.storyboard in Resources */ = {isa = PBXBuildFile; fileRef = 8AF673511E8117F500831FD0 /* LaunchScreen.storyboard */; };
		8AF6735E1E8117F500831FD0 /* AudioQueuePlayerDemoTests.m in Sources */ = {isa = PBXBuildFile; fileRef = 8AF6735D1E8117F500831FD0 /* AudioQueuePlayerDemoTests.m */; };
		8AF673691E8117F500831FD0 /* AudioQueuePlayerDemoUITests.m in Sources */ = {isa = PBXBuildFile; fileRef = 8AF673681E8117F500831FD0 /* AudioQueuePlayerDemoUITests.m */; };
		8AF6737A1E81184400831FD0 /* Assets.xcassets in Resources */ = {isa = PBXBuildFile; fileRef = 8AF673771E81184400831FD0 /* Assets.xcassets */; };
		8AF6737B1E81184400831FD0 /* 01.caf in Resources */ = {isa = PBXBuildFile; fileRef = 8AF673791E81184400831FD0 /* 01.caf */; };
/* End PBXBuildFile section */

/* Begin PBXContainerItemProxy section */
		8AF6735A1E8117F500831FD0 /* PBXContainerItemProxy */ = {
			isa = PBXContainerItemProxy;
			containerPortal = 8AF673381E8117F500831FD0 /* Project object */;
			proxyType = 1;
			remoteGlobalIDString = 8AF6733F1E8117F500831FD0;
			remoteInfo = AudioQueuePlayerDemo;
		};
		8AF673651E8117F500831FD0 /* PBXContainerItemProxy */ = {
			isa = PBXContainerItemProxy;
			containerPortal = 8AF673381E8117F500831FD0 /* Project object */;
			proxyType = 1;
			remoteGlobalIDString = 8AF6733F1E8117F500831FD0;
			remoteInfo = AudioQueuePlayerDemo;
		};
/* End PBXContainerItemProxy section */

/* Begin PBXFileReference section */
		8A93EF591E88F53D004259BA /* AudioToolbox.framework */ = {isa = PBXFileReference; lastKnownFileType = wrapper.framework; name = AudioToolbox.framework; path = System/Library/Frameworks/AudioToolbox.framework; sourceTree = SDKROOT; };
		8AF673401E8117F500831FD0 /* AudioQueuePlayerDemo.app */ = {isa = PBXFileReference; explicitFileType = wrapper.application; includeInIndex = 0; path = AudioQueuePlayerDemo.app; sourceTree = BUILT_PRODUCTS_DIR; };
		8AF673441E8117F500831FD0 /* main.m */ = {isa = PBXFileReference; lastKnownFileType = sourcecode.c.objc; path = main.m; sourceTree = "<group>"; };
		8AF673461E8117F500831FD0 /* AppDelegate.h */ = {isa = PBXFileReference; lastKnownFileType = sourcecode.c.h; path = AppDelegate.h; sourceTree = "<group>"; };
		8AF673471E8117F500831FD0 /* AppDelegate.m */ = {isa = PBXFileReference; lastKnownFileType = sourcecode.c.objc; path = AppDelegate.m; sourceTree = "<group>"; };
		8AF673491E8117F500831FD0 /* ViewController.h */ = {isa = PBXFileReference; lastKnownFileType = sourcecode.c.h; path = ViewController.h; sourceTree = "<group>"; };
		8AF6734A1E8117F500831FD0 /* ViewController.m */ = {isa = PBXFileReference; lastKnownFileType = sourcecode.c.objc; path = ViewController.m; sourceTree = "<group>"; };
		8AF6734D1E8117F500831FD0 /* Base */ = {isa = PBXFileReference; lastKnownFileType = file.storyboard; name = Base; path = Base.lproj/Main.storyboard; sourceTree = "<group>"; };
		8AF673521E8117F500831FD0 /* Base */ = {isa = PBXFileReference; lastKnownFileType = file.storyboard; name = Base; path = Base.lproj/LaunchScreen.storyboard; sourceTree = "<group>"; };
		8AF673541E8117F500831FD0 /* Info.plist */ = {isa = PBXFileReference; lastKnownFileType = text.plist.xml; path = Info.plist; sourceTree = "<group>"; };
		8AF673591E8117F500831FD0 /* AudioQueuePlayerDemoTests.xctest */ = {isa = PBXFileReference; explicitFileType = wrapper.cfbundle; includeInIndex = 0; path = AudioQueuePlayerDemoTests.xctest; sourceTree = BUILT_PRODUCTS_DIR; };
		8AF6735D1E8117F500831FD0 /* AudioQueuePlayerDemoTests.m */ = {isa = PBXFileReference; lastKnownFileType = sourcecode.c.objc; path = AudioQueuePlayerDemoTests.m; sourceTree = "<group>"; };
		8AF6735F1E8117F500831FD0 /* Info.plist */ = {isa = PBXFileReference; lastKnownFileType = text.plist.xml; path = Info.plist; sourceTree = "<group>"; };
		8AF673641E8117F500831FD0 /* AudioQueuePlayerDemoUITests.xctest */ = {isa = PBXFileReference; explicitFileType = wrapper.cfbundle; includeInIndex = 0; path = AudioQueuePlayerDemoUITests.xctest; sourceTree = BUILT_PRODUCTS_DIR; };
		8AF673681E8117F500831FD0 /* AudioQueuePlayerDemoUITests.m */ = {isa = PBXFileReference; lastKnownFileType = sourcecode.c.objc; path = AudioQueuePlayerDemoUITests.m; sourceTree = "<group>"; };
		8AF6736A1E8117F500831FD0 /* Info.plist */ = {isa = PBXFileReference; lastKnownFileType = text.plist.xml; path = Info.plist; sourceTree = "<group>"; };
		8AF673771E81184400831FD0 /* Assets.xcassets */ = {isa = PBXFileReference; lastKnownFileType = folder.assetcatalog; path = Assets.xcassets; sourceTree = "<group>"; };
		8AF673791E81184400831FD0 /* 01.caf */ = {isa = PBXFileReference; lastKnownFileType = file; path = 01.caf; sourceTree = "<group>"; };
/* End PBXFileReference section */

/* Begin PBXFrameworksBuildPhase section */
		8AF6733D1E8117F500831FD0 /* Frameworks */ = {
			isa = PBXFrameworksBuildPhase;
			buildActionMask = 2147483647;
			files = (
				8A93EF5A1E88F53D004259BA /* AudioToolbox.framework in Frameworks */,
			);
			runOnlyForDeploymentPostprocessing = 0;
		};
		8AF673561E8117F500831FD0 /* Frameworks */ = {
			isa = PBXFrameworksBuildPhase;
			buildActionMask = 2147483647;
			files = (
			);
			runOnlyForDeploymentPostprocessing = 0;
		};
		8AF673611E8117F500831FD0 /* Frameworks */ = {
			isa = PBXFrameworksBuildPhase;
			buildActionMask = 2147483647;
			files = (
			);
			runOnlyForDeploymentPostprocessing = 0;
		};
/* End PBXFrameworksBuildPhase section */

/* Begin PBXGroup section */
		8A93EF581E88F53D004259BA /* Frameworks */ = {
			isa = PBXGroup;
			children = (
				8A93EF591E88F53D004259BA /* AudioToolbox.framework */,
			);
			name = Frameworks;
			sourceTree = "<group>";
		};
		8AF673371E8117F500831FD0 = {
			isa = PBXGroup;
			children = (
				8AF673421E8117F500831FD0 /* AudioQueuePlayerDemo */,
				8AF6735C1E8117F500831FD0 /* AudioQueuePlayerDemoTests */,
				8AF673671E8117F500831FD0 /* AudioQueuePlayerDemoUITests */,
				8AF673411E8117F500831FD0 /* Products */,
				8A93EF581E88F53D004259BA /* Frameworks */,
			);
			sourceTree = "<group>";
		};
		8AF673411E8117F500831FD0 /* Products */ = {
			isa = PBXGroup;
			children = (
				8AF673401E8117F500831FD0 /* AudioQueuePlayerDemo.app */,
				8AF673591E8117F500831FD0 /* AudioQueuePlayerDemoTests.xctest */,
				8AF673641E8117F500831FD0 /* AudioQueuePlayerDemoUITests.xctest */,
			);
			name = Products;
			sourceTree = "<group>";
		};
		8AF673421E8117F500831FD0 /* AudioQueuePlayerDemo */ = {
			isa = PBXGroup;
			children = (
				8AF673461E8117F500831FD0 /* AppDelegate.h */,
				8AF673471E8117F500831FD0 /* AppDelegate.m */,
				8AF673491E8117F500831FD0 /* ViewController.h */,
				8AF6734A1E8117F500831FD0 /* ViewController.m */,
				8AF6734C1E8117F500831FD0 /* Main.storyboard */,
				8AF673761E81184400831FD0 /* Resource */,
				8AF673511E8117F500831FD0 /* LaunchScreen.storyboard */,
				8AF673541E8117F500831FD0 /* Info.plist */,
				8AF673431E8117F500831FD0 /* Supporting Files */,
			);
			path = AudioQueuePlayerDemo;
			sourceTree = "<group>";
		};
		8AF673431E8117F500831FD0 /* Supporting Files */ = {
			isa = PBXGroup;
			children = (
				8AF673441E8117F500831FD0 /* main.m */,
			);
			name = "Supporting Files";
			sourceTree = "<group>";
		};
		8AF6735C1E8117F500831FD0 /* AudioQueuePlayerDemoTests */ = {
			isa = PBXGroup;
			children = (
				8AF6735D1E8117F500831FD0 /* AudioQueuePlayerDemoTests.m */,
				8AF6735F1E8117F500831FD0 /* Info.plist */,
			);
			path = AudioQueuePlayerDemoTests;
			sourceTree = "<group>";
		};
		8AF673671E8117F500831FD0 /* AudioQueuePlayerDemoUITests */ = {
			isa = PBXGroup;
			children = (
				8AF673681E8117F500831FD0 /* AudioQueuePlayerDemoUITests.m */,
				8AF6736A1E8117F500831FD0 /* Info.plist */,
			);
			path = AudioQueuePlayerDemoUITests;
			sourceTree = "<group>";
		};
		8AF673761E81184400831FD0 /* Resource */ = {
			isa = PBXGroup;
			children = (
				8AF673771E81184400831FD0 /* Assets.xcassets */,
				8AF673781E81184400831FD0 /* sounds */,
			);
			path = Resource;
			sourceTree = "<group>";
		};
		8AF673781E81184400831FD0 /* sounds */ = {
			isa = PBXGroup;
			children = (
				8AF673791E81184400831FD0 /* 01.caf */,
			);
			path = sounds;
			sourceTree = "<group>";
		};
/* End PBXGroup section */

/* Begin PBXNativeTarget section */
		8AF6733F1E8117F500831FD0 /* AudioQueuePlayerDemo */ = {
			isa = PBXNativeTarget;
			buildConfigurationList = 8AF6736D1E8117F500831FD0 /* Build configuration list for PBXNativeTarget "AudioQueuePlayerDemo" */;
			buildPhases = (
				8AF6733C1E8117F500831FD0 /* Sources */,
				8AF6733D1E8117F500831FD0 /* Frameworks */,
				8AF6733E1E8117F500831FD0 /* Resources */,
			);
			buildRules = (
			);
			dependencies = (
			);
			name = AudioQueuePlayerDemo;
			productName = AudioQueuePlayerDemo;
			productReference = 8AF673401E8117F500831FD0 /* AudioQueuePlayerDemo.app */;
			productType = "com.apple.product-type.application";
		};
		8AF673581E8117F500831FD0 /* AudioQueuePlayerDemoTests */ = {
			isa = PBXNativeTarget;
			buildConfigurationList = 8AF673701E8117F500831FD0 /* Build configuration list for PBXNativeTarget "AudioQueuePlayerDemoTests" */;
			buildPhases = (
				8AF673551E8117F500831FD0 /* Sources */,
				8AF673561E8117F500831FD0 /* Frameworks */,
				8AF673571E8117F500831FD0 /* Resources */,
			);
			buildRules = (
			);
			dependencies = (
				8AF6735B1E8117F500831FD0 /* PBXTargetDependency */,
			);
			name = AudioQueuePlayerDemoTests;
			productName = AudioQueuePlayerDemoTests;
			productReference = 8AF673591E8117F500831FD0 /* AudioQueuePlayerDemoTests.xctest */;
			productType = "com.apple.product-type.bundle.unit-test";
		};
		8AF673631E8117F500831FD0 /* AudioQueuePlayerDemoUITests */ = {
			isa = PBXNativeTarget;
			buildConfigurationList = 8AF673731E8117F500831FD0 /* Build configuration list for PBXNativeTarget "AudioQueuePlayerDemoUITests" */;
			buildPhases = (
				8AF673601E8117F500831FD0 /* Sources */,
				8AF673611E8117F500831FD0 /* Frameworks */,
				8AF673621E8117F500831FD0 /* Resources */,
			);
			buildRules = (
			);
			dependencies = (
				8AF673661E8117F500831FD0 /* PBXTargetDependency */,
			);
			name = AudioQueuePlayerDemoUITests;
			productName = AudioQueuePlayerDemoUITests;
			productReference = 8AF673641E8117F500831FD0 /* AudioQueuePlayerDemoUITests.xctest */;
			productType = "com.apple.product-type.bundle.ui-testing";
		};
/* End PBXNativeTarget section */

/* Begin PBXProject section */
		8AF673381E8117F500831FD0 /* Project object */ = {
			isa = PBXProject;
			attributes = {
				LastUpgradeCheck = 0820;
				ORGANIZATIONNAME = ingenic;
				TargetAttributes = {
					8AF6733F1E8117F500831FD0 = {
						CreatedOnToolsVersion = 8.2.1;
						DevelopmentTeam = WS7Q6CWX7Q;
						ProvisioningStyle = Automatic;
					};
					8AF673581E8117F500831FD0 = {
						CreatedOnToolsVersion = 8.2.1;
						DevelopmentTeam = WS7Q6CWX7Q;
						ProvisioningStyle = Automatic;
						TestTargetID = 8AF6733F1E8117F500831FD0;
					};
					8AF673631E8117F500831FD0 = {
						CreatedOnToolsVersion = 8.2.1;
						DevelopmentTeam = WS7Q6CWX7Q;
						ProvisioningStyle = Automatic;
						TestTargetID = 8AF6733F1E8117F500831FD0;
					};
				};
			};
			buildConfigurationList = 8AF6733B1E8117F500831FD0 /* Build configuration list for PBXProject "AudioQueuePlayerDemo" */;
			compatibilityVersion = "Xcode 3.2";
			developmentRegion = English;
			hasScannedForEncodings = 0;
			knownRegions = (
				en,
				Base,
			);
			mainGroup = 8AF673371E8117F500831FD0;
			productRefGroup = 8AF673411E8117F500831FD0 /* Products */;
			projectDirPath = "";
			projectRoot = "";
			targets = (
				8AF6733F1E8117F500831FD0 /* AudioQueuePlayerDemo */,
				8AF673581E8117F500831FD0 /* AudioQueuePlayerDemoTests */,
				8AF673631E8117F500831FD0 /* AudioQueuePlayerDemoUITests */,
			);
		};
/* End PBXProject section */

/* Begin PBXResourcesBuildPhase section */
		8AF6733E1E8117F500831FD0 /* Resources */ = {
			isa = PBXResourcesBuildPhase;
			buildActionMask = 2147483647;
			files = (
				8AF673531E8117F500831FD0 /* LaunchScreen.storyboard in Resources */,
				8AF6737A1E81184400831FD0 /* Assets.xcassets in Resources */,
				8AF6734E1E8117F500831FD0 /* Main.storyboard in Resources */,
				8AF6737B1E81184400831FD0 /* 01.caf in Resources */,
			);
			runOnlyForDeploymentPostprocessing = 0;
		};
		8AF673571E8117F500831FD0 /* Resources */ = {
			isa = PBXResourcesBuildPhase;
			buildActionMask = 2147483647;
			files = (
			);
			runOnlyForDeploymentPostprocessing = 0;
		};
		8AF673621E8117F500831FD0 /* Resources */ = {
			isa = PBXResourcesBuildPhase;
			buildActionMask = 2147483647;
			files = (
			);
			runOnlyForDeploymentPostprocessing = 0;
		};
/* End PBXResourcesBuildPhase section */

/* Begin PBXSourcesBuildPhase section */
		8AF6733C1E8117F500831FD0 /* Sources */ = {
			isa = PBXSourcesBuildPhase;
			buildActionMask = 2147483647;
			files = (
				8AF6734B1E8117F500831FD0 /* ViewController.m in Sources */,
				8AF673481E8117F500831FD0 /* AppDelegate.m in Sources */,
				8AF673451E8117F500831FD0 /* main.m in Sources */,
			);
			runOnlyForDeploymentPostprocessing = 0;
		};
		8AF673551E8117F500831FD0 /* Sources */ = {
			isa = PBXSourcesBuildPhase;
			buildActionMask = 2147483647;
			files = (
				8AF6735E1E8117F500831FD0 /* AudioQueuePlayerDemoTests.m in Sources */,
			);
			runOnlyForDeploymentPostprocessing = 0;
		};
		8AF673601E8117F500831FD0 /* Sources */ = {
			isa = PBXSourcesBuildPhase;
			buildActionMask = 2147483647;
			files = (
				8AF673691E8117F500831FD0 /* AudioQueuePlayerDemoUITests.m in Sources */,
			);
			runOnlyForDeploymentPostprocessing = 0;
		};
/* End PBXSourcesBuildPhase section */

/* Begin PBXTargetDependency section */
		8AF6735B1E8117F500831FD0 /* PBXTargetDependency */ = {
			isa = PBXTargetDependency;
			target = 8AF6733F1E8117F500831FD0 /* AudioQueuePlayerDemo */;
			targetProxy = 8AF6735A1E8117F500831FD0 /* PBXContainerItemProxy */;
		};
		8AF673661E8117F500831FD0 /* PBXTargetDependency */ = {
			isa = PBXTargetDependency;
			target = 8AF6733F1E8117F500831FD0 /* AudioQueuePlayerDemo */;
			targetProxy = 8AF673651E8117F500831FD0 /* PBXContainerItemProxy */;
		};
/* End PBXTargetDependency section */

/* Begin PBXVariantGroup section */
		8AF6734C1E8117F500831FD0 /* Main.storyboard */ = {
			isa = PBXVariantGroup;
			children = (
				8AF6734D1E8117F500831FD0 /* Base */,
			);
			name = Main.storyboard;
			sourceTree = "<group>";
		};
		8AF673511E8117F500831FD0 /* LaunchScreen.storyboard */ = {
			isa = PBXVariantGroup;
			children = (
				8AF673521E8117F500831FD0 /* Base */,
			);
			name = LaunchScreen.storyboard;
			sourceTree = "<group>";
		};
/* End PBXVariantGroup section */

/* Begin XCBuildConfiguration section */
		8AF6736B1E8117F500831FD0 /* Debug */ = {
			isa = XCBuildConfiguration;
			buildSettings = {
				ALWAYS_SEARCH_USER_PATHS = NO;
				CLANG_ANALYZER_NONNULL = YES;
				CLANG_CXX_LANGUAGE_STANDARD = "gnu++0x";
				CLANG_CXX_LIBRARY = "libc++";
				CLANG_ENABLE_MODULES = YES;
				CLANG_ENABLE_OBJC_ARC = YES;
				CLANG_WARN_BOOL_CONVERSION = YES;
				CLANG_WARN_CONSTANT_CONVERSION = YES;
				CLANG_WARN_DIRECT_OBJC_ISA_USAGE = YES_ERROR;
				CLANG_WARN_DOCUMENTATION_COMMENTS = YES;
				CLANG_WARN_EMPTY_BODY = YES;
				CLANG_WARN_ENUM_CONVERSION = YES;
				CLANG_WARN_INFINITE_RECURSION = YES;
				CLANG_WARN_INT_CONVERSION = YES;
				CLANG_WARN_OBJC_ROOT_CLASS = YES_ERROR;
				CLANG_WARN_SUSPICIOUS_MOVE = YES;
				CLANG_WARN_UNREACHABLE_CODE = YES;
				CLANG_WARN__DUPLICATE_METHOD_MATCH = YES;
				"CODE_SIGN_IDENTITY[sdk=iphoneos*]" = "iPhone Developer";
				COPY_PHASE_STRIP = NO;
				DEBUG_INFORMATION_FORMAT = dwarf;
				ENABLE_STRICT_OBJC_MSGSEND = YES;
				ENABLE_TESTABILITY = YES;
				GCC_C_LANGUAGE_STANDARD = gnu99;
				GCC_DYNAMIC_NO_PIC = NO;
				GCC_NO_COMMON_BLOCKS = YES;
				GCC_OPTIMIZATION_LEVEL = 0;
				GCC_PREPROCESSOR_DEFINITIONS = (
					"DEBUG=1",
					"$(inherited)",
				);
				GCC_WARN_64_TO_32_BIT_CONVERSION = YES;
				GCC_WARN_ABOUT_RETURN_TYPE = YES_ERROR;
				GCC_WARN_UNDECLARED_SELECTOR = YES;
				GCC_WARN_UNINITIALIZED_AUTOS = YES_AGGRESSIVE;
				GCC_WARN_UNUSED_FUNCTION = YES;
				GCC_WARN_UNUSED_VARIABLE = YES;
				IPHONEOS_DEPLOYMENT_TARGET = 10.2;
				MTL_ENABLE_DEBUG_INFO = YES;
				ONLY_ACTIVE_ARCH = YES;
				SDKROOT = iphoneos;
			};
			name = Debug;
		};
		8AF6736C1E8117F500831FD0 /* Release */ = {
			isa = XCBuildConfiguration;
			buildSettings = {
				ALWAYS_SEARCH_USER_PATHS = NO;
				CLANG_ANALYZER_NONNULL = YES;
				CLANG_CXX_LANGUAGE_STANDARD = "gnu++0x";
				CLANG_CXX_LIBRARY = "libc++";
				CLANG_ENABLE_MODULES = YES;
				CLANG_ENABLE_OBJC_ARC = YES;
				CLANG_WARN_BOOL_CONVERSION = YES;
				CLANG_WARN_CONSTANT_CONVERSION = YES;
				CLANG_WARN_DIRECT_OBJC_ISA_USAGE = YES_ERROR;
				CLANG_WARN_DOCUMENTATION_COMMENTS = YES;
				CLANG_WARN_EMPTY_BODY = YES;
				CLANG_WARN_ENUM_CONVERSION = YES;
				CLANG_WARN_INFINITE_RECURSION = YES;
				CLANG_WARN_INT_CONVERSION = YES;
				CLANG_WARN_OBJC_ROOT_CLASS = YES_ERROR;
				CLANG_WARN_SUSPICIOUS_MOVE = YES;
				CLANG_WARN_UNREACHABLE_CODE = YES;
				CLANG_WARN__DUPLICATE_METHOD_MATCH = YES;
				"CODE_SIGN_IDENTITY[sdk=iphoneos*]" = "iPhone Developer";
				COPY_PHASE_STRIP = NO;
				DEBUG_INFORMATION_FORMAT = "dwarf-with-dsym";
				ENABLE_NS_ASSERTIONS = NO;
				ENABLE_STRICT_OBJC_MSGSEND = YES;
				GCC_C_LANGUAGE_STANDARD = gnu99;
				GCC_NO_COMMON_BLOCKS = YES;
				GCC_WARN_64_TO_32_BIT_CONVERSION = YES;
				GCC_WARN_ABOUT_RETURN_TYPE = YES_ERROR;
				GCC_WARN_UNDECLARED_SELECTOR = YES;
				GCC_WARN_UNINITIALIZED_AUTOS = YES_AGGRESSIVE;
				GCC_WARN_UNUSED_FUNCTION = YES;
				GCC_WARN_UNUSED_VARIABLE = YES;
				IPHONEOS_DEPLOYMENT_TARGET = 10.2;
				MTL_ENABLE_DEBUG_INFO = NO;
				SDKROOT = iphoneos;
				VALIDATE_PRODUCT = YES;
			};
			name = Release;
		};
		8AF6736E1E8117F500831FD0 /* Debug */ = {
			isa = XCBuildConfiguration;
			buildSettings = {
				ASSETCATALOG_COMPILER_APPICON_NAME = AppIcon;
				DEVELOPMENT_TEAM = WS7Q6CWX7Q;
				INFOPLIST_FILE = AudioQueuePlayerDemo/Info.plist;
				LD_RUNPATH_SEARCH_PATHS = "$(inherited) @executable_path/Frameworks";
				PRODUCT_BUNDLE_IDENTIFIER = com.ingenic.AudioQueuePlayerDemo;
				PRODUCT_NAME = "$(TARGET_NAME)";
			};
			name = Debug;
		};
		8AF6736F1E8117F500831FD0 /* Release */ = {
			isa = XCBuildConfiguration;
			buildSettings = {
				ASSETCATALOG_COMPILER_APPICON_NAME = AppIcon;
				DEVELOPMENT_TEAM = WS7Q6CWX7Q;
				INFOPLIST_FILE = AudioQueuePlayerDemo/Info.plist;
				LD_RUNPATH_SEARCH_PATHS = "$(inherited) @executable_path/Frameworks";
				PRODUCT_BUNDLE_IDENTIFIER = com.ingenic.AudioQueuePlayerDemo;
				PRODUCT_NAME = "$(TARGET_NAME)";
			};
			name = Release;
		};
		8AF673711E8117F500831FD0 /* Debug */ = {
			isa = XCBuildConfiguration;
			buildSettings = {
				BUNDLE_LOADER = "$(TEST_HOST)";
				DEVELOPMENT_TEAM = WS7Q6CWX7Q;
				INFOPLIST_FILE = AudioQueuePlayerDemoTests/Info.plist;
				LD_RUNPATH_SEARCH_PATHS = "$(inherited) @executable_path/Frameworks @loader_path/Frameworks";
				PRODUCT_BUNDLE_IDENTIFIER = com.ingenic.AudioQueuePlayerDemoTests;
				PRODUCT_NAME = "$(TARGET_NAME)";
				TEST_HOST = "$(BUILT_PRODUCTS_DIR)/AudioQueuePlayerDemo.app/AudioQueuePlayerDemo";
			};
			name = Debug;
		};
		8AF673721E8117F500831FD0 /* Release */ = {
			isa = XCBuildConfiguration;
			buildSettings = {
				BUNDLE_LOADER = "$(TEST_HOST)";
				DEVELOPMENT_TEAM = WS7Q6CWX7Q;
				INFOPLIST_FILE = AudioQueuePlayerDemoTests/Info.plist;
				LD_RUNPATH_SEARCH_PATHS = "$(inherited) @executable_path/Frameworks @loader_path/Frameworks";
				PRODUCT_BUNDLE_IDENTIFIER = com.ingenic.AudioQueuePlayerDemoTests;
				PRODUCT_NAME = "$(TARGET_NAME)";
				TEST_HOST = "$(BUILT_PRODUCTS_DIR)/AudioQueuePlayerDemo.app/AudioQueuePlayerDemo";
			};
			name = Release;
		};
		8AF673741E8117F500831FD0 /* Debug */ = {
			isa = XCBuildConfiguration;
			buildSettings = {
				DEVELOPMENT_TEAM = WS7Q6CWX7Q;
				INFOPLIST_FILE = AudioQueuePlayerDemoUITests/Info.plist;
				LD_RUNPATH_SEARCH_PATHS = "$(inherited) @executable_path/Frameworks @loader_path/Frameworks";
				PRODUCT_BUNDLE_IDENTIFIER = com.ingenic.AudioQueuePlayerDemoUITests;
				PRODUCT_NAME = "$(TARGET_NAME)";
				TEST_TARGET_NAME = AudioQueuePlayerDemo;
			};
			name = Debug;
		};
		8AF673751E8117F500831FD0 /* Release */ = {
			isa = XCBuildConfiguration;
			buildSettings = {
				DEVELOPMENT_TEAM = WS7Q6CWX7Q;
				INFOPLIST_FILE = AudioQueuePlayerDemoUITests/Info.plist;
				LD_RUNPATH_SEARCH_PATHS = "$(inherited) @executable_path/Frameworks @loader_path/Frameworks";
				PRODUCT_BUNDLE_IDENTIFIER = com.ingenic.AudioQueuePlayerDemoUITests;
				PRODUCT_NAME = "$(TARGET_NAME)";
				TEST_TARGET_NAME = AudioQueuePlayerDemo;
			};
			name = Release;
		};
/* End XCBuildConfiguration section */

/* Begin XCConfigurationList section */
		8AF6733B1E8117F500831FD0 /* Build configuration list for PBXProject "AudioQueuePlayerDemo" */ = {
			isa = XCConfigurationList;
			buildConfigurations = (
				8AF6736B1E8117F500831FD0 /* Debug */,
				8AF6736C1E8117F500831FD0 /* Release */,
			);
			defaultConfigurationIsVisible = 0;
			defaultConfigurationName = Release;
		};
		8AF6736D1E8117F500831FD0 /* Build configuration list for PBXNativeTarget "AudioQueuePlayerDemo" */ = {
			isa = XCConfigurationList;
			buildConfigurations = (
				8AF6736E1E8117F500831FD0 /* Debug */,
				8AF6736F1E8117F500831FD0 /* Release */,
			);
			defaultConfigurationIsVisible = 0;
			defaultConfigurationName = Release;
		};
		8AF673701E8117F500831FD0 /* Build configuration list for PBXNativeTarget "AudioQueuePlayerDemoTests" */ = {
			isa = XCConfigurationList;
			buildConfigurations = (
				8AF673711E8117F500831FD0 /* Debug */,
				8AF673721E8117F500831FD0 /* Release */,
			);
			defaultConfigurationIsVisible = 0;
			defaultConfigurationName = Release;
		};
		8AF673731E8117F500831FD0 /* Build configuration list for PBXNativeTarget "AudioQueuePlayerDemoUITests" */ = {
			isa = XCConfigurationList;
			buildConfigurations = (
				8AF673741E8117F500831FD0 /* Debug */,
				8AF673751E8117F500831FD0 /* Release */,
			);
			defaultConfigurationIsVisible = 0;
			defaultConfigurationName = Release;
		};
/* End XCConfigurationList section */
	};
	rootObject = 8AF673381E8117F500831FD0 /* Project object */;
}
